PODS:
  - Action (3.1.1):
    - RxCocoa (~> 3.4)
    - RxSwift (~> 3.4)
  - Kingfisher (3.10.1)
  - ObjectMapper (2.2.7)
  - RxCocoa (3.5.0):
    - RxSwift (~> 3.4)
  - RxSwift (3.4.1)

DEPENDENCIES:
  - Action
  - Kingfisher (~> 3.10)
  - ObjectMapper (~> 2.2)
  - RxCocoa (~> 3.5)
  - RxSwift (~> 3.4)

SPEC CHECKSUMS:
  Action: e224bd151fe2e057f4189b4a9df0dc5d21264a9e
  Kingfisher: 33a1b82140fcb14a9fc13f78dfde2a03ff8de8cb
  ObjectMapper: 65abcfd9a61cf7396cbd14a4fb22fddfcc46577e
  RxCocoa: a0a09f45d0e5b48ecb6a4a7b4b4c89c88d3f633f
  RxSwift: 656f8fbeca5bc372121a72d9ebdd3cd3bc0ffade

PODFILE CHECKSUM: 47870cffc1fec1c93c259b394f7a85ba45ca9765

COCOAPODS: 1.2.1
