// !$*UTF8*$!
{
	archiveVersion = 1;
	classes = {
	};
	objectVersion = 46;
	objects = {

/* Begin PBXBuildFile section */
		3988DFE3CD89CC17ED8B1523 /* Pods_AppAbstract_MVVM.framework in Frameworks */ = {isa = PBXBuildFile; fileRef = D2032DCE5C57FC2DAFD6B15B /* Pods_AppAbstract_MVVM.framework */; };
		5A69A028A5743FCD3A5A463C /* Pods_AppAbstract_macOS.framework in Frameworks */ = {isa = PBXBuildFile; fileRef = D36CCF17F75B5095BF02F3B7 /* Pods_AppAbstract_macOS.framework */; };
		9790A54020E90D3CD13A866F /* Pods_AppAbstract_MVC.framework in Frameworks */ = {isa = PBXBuildFile; fileRef = FAA4F1479F18BE2AD4E07ACC /* Pods_AppAbstract_MVC.framework */; };
		BC276F121EDBAAB0007B1375 /* Assets.xcassets in Resources */ = {isa = PBXBuildFile; fileRef = BC276F111EDBAAB0007B1375 /* Assets.xcassets */; };
		BC3334CC1EEA79AE00EDEF7E /* RepoCell.swift in Sources */ = {isa = PBXBuildFile; fileRef = BC3334CB1EEA79AE00EDEF7E /* RepoCell.swift */; };
		BC359C981EEA346A00F2F181 /* RepoListViewController.swift in Sources */ = {isa = PBXBuildFile; fileRef = BC359C971EEA346A00F2F181 /* RepoListViewController.swift */; };
		BC359C9B1EEA347800F2F181 /* EventListViewController.swift in Sources */ = {isa = PBXBuildFile; fileRef = BC359C991EEA347800F2F181 /* EventListViewController.swift */; };
		BC359C9E1EEA555E00F2F181 /* Navigator.swift in Sources */ = {isa = PBXBuildFile; fileRef = BC359C9D1EEA555E00F2F181 /* Navigator.swift */; };
		BC359C9F1EEA55A100F2F181 /* Repo.swift in Sources */ = {isa = PBXBuildFile; fileRef = BCBCCC391EE3D02700E3BD7A /* Repo.swift */; };
		BC359CA01EEA55A100F2F181 /* Event.swift in Sources */ = {isa = PBXBuildFile; fileRef = BC49DE7A1EE5526500BF7616 /* Event.swift */; };
		BC359CA21EEA571800F2F181 /* RepoListViewModel.swift in Sources */ = {isa = PBXBuildFile; fileRef = BCFFE8F51EE8FF7100D9BA76 /* RepoListViewModel.swift */; };
		BC359CA31EEA571800F2F181 /* EventListViewModel.swift in Sources */ = {isa = PBXBuildFile; fileRef = BCFFE9361EE9336900D9BA76 /* EventListViewModel.swift */; };
		BC359CA41EEA579700F2F181 /* Storyboard+.swift in Sources */ = {isa = PBXBuildFile; fileRef = BCFFE9331EE928E500D9BA76 /* Storyboard+.swift */; };
		BC359CA51EEA57DA00F2F181 /* APIService.swift in Sources */ = {isa = PBXBuildFile; fileRef = BCBCCC361EE3C86800E3BD7A /* APIService.swift */; };
		BC359CA61EEA57DA00F2F181 /* APIExtensions.swift in Sources */ = {isa = PBXBuildFile; fileRef = BCABC3781EE699EE00AF5B55 /* APIExtensions.swift */; };
		BC359CA71EEA57DA00F2F181 /* APIInput.swift in Sources */ = {isa = PBXBuildFile; fileRef = BCBCCC3F1EE4ED0600E3BD7A /* APIInput.swift */; };
		BC359CA81EEA57DA00F2F181 /* APIOutput.swift in Sources */ = {isa = PBXBuildFile; fileRef = BCBCCC411EE4ED0E00E3BD7A /* APIOutput.swift */; };
		BC359CA91EEA57DA00F2F181 /* URLs.swift in Sources */ = {isa = PBXBuildFile; fileRef = BCABC3761EE68E9100AF5B55 /* URLs.swift */; };
		BC359CAA1EEA57DD00F2F181 /* RepoList.swift in Sources */ = {isa = PBXBuildFile; fileRef = BC49DE741EE551E900BF7616 /* RepoList.swift */; };
		BC359CAB1EEA57DD00F2F181 /* EventList.swift in Sources */ = {isa = PBXBuildFile; fileRef = BC49DE7C1EE5530700BF7616 /* EventList.swift */; };
		BC359CAC1EEA57DD00F2F181 /* RepoService.swift in Sources */ = {isa = PBXBuildFile; fileRef = BC49DE751EE551E900BF7616 /* RepoService.swift */; };
		BC49DE761EE551E900BF7616 /* RepoList.swift in Sources */ = {isa = PBXBuildFile; fileRef = BC49DE741EE551E900BF7616 /* RepoList.swift */; };
		BC49DE771EE551E900BF7616 /* RepoService.swift in Sources */ = {isa = PBXBuildFile; fileRef = BC49DE751EE551E900BF7616 /* RepoService.swift */; };
		BC49DE7B1EE5526500BF7616 /* Event.swift in Sources */ = {isa = PBXBuildFile; fileRef = BC49DE7A1EE5526500BF7616 /* Event.swift */; };
		BC49DE7D1EE5530700BF7616 /* EventList.swift in Sources */ = {isa = PBXBuildFile; fileRef = BC49DE7C1EE5530700BF7616 /* EventList.swift */; };
		BCABC3771EE68E9100AF5B55 /* URLs.swift in Sources */ = {isa = PBXBuildFile; fileRef = BCABC3761EE68E9100AF5B55 /* URLs.swift */; };
		BCABC3791EE699EE00AF5B55 /* APIExtensions.swift in Sources */ = {isa = PBXBuildFile; fileRef = BCABC3781EE699EE00AF5B55 /* APIExtensions.swift */; };
		BCABC39A1EE7D95B00AF5B55 /* EventList.swift in Sources */ = {isa = PBXBuildFile; fileRef = BC49DE7C1EE5530700BF7616 /* EventList.swift */; };
		BCABC39D1EE7D95B00AF5B55 /* Event.swift in Sources */ = {isa = PBXBuildFile; fileRef = BC49DE7A1EE5526500BF7616 /* Event.swift */; };
		BCABC39E1EE7D95B00AF5B55 /* APIExtensions.swift in Sources */ = {isa = PBXBuildFile; fileRef = BCABC3781EE699EE00AF5B55 /* APIExtensions.swift */; };
		BCABC39F1EE7D95B00AF5B55 /* URLs.swift in Sources */ = {isa = PBXBuildFile; fileRef = BCABC3761EE68E9100AF5B55 /* URLs.swift */; };
		BCABC3A11EE7D95B00AF5B55 /* RepoList.swift in Sources */ = {isa = PBXBuildFile; fileRef = BC49DE741EE551E900BF7616 /* RepoList.swift */; };
		BCABC3A21EE7D95B00AF5B55 /* APIInput.swift in Sources */ = {isa = PBXBuildFile; fileRef = BCBCCC3F1EE4ED0600E3BD7A /* APIInput.swift */; };
		BCABC3A61EE7D95B00AF5B55 /* APIOutput.swift in Sources */ = {isa = PBXBuildFile; fileRef = BCBCCC411EE4ED0E00E3BD7A /* APIOutput.swift */; };
		BCABC3A71EE7D95B00AF5B55 /* Repo.swift in Sources */ = {isa = PBXBuildFile; fileRef = BCBCCC391EE3D02700E3BD7A /* Repo.swift */; };
		BCABC3A91EE7D95B00AF5B55 /* RepoService.swift in Sources */ = {isa = PBXBuildFile; fileRef = BC49DE751EE551E900BF7616 /* RepoService.swift */; };
		BCABC3B01EE7D95B00AF5B55 /* Assets.xcassets in Resources */ = {isa = PBXBuildFile; fileRef = BC276F111EDBAAB0007B1375 /* Assets.xcassets */; };
		BCB03AAF1EEA7E0F0001F1B7 /* TableView+.swift in Sources */ = {isa = PBXBuildFile; fileRef = BCB03AAE1EEA7E0F0001F1B7 /* TableView+.swift */; };
		BCB03AB01EEA7E0F0001F1B7 /* TableView+.swift in Sources */ = {isa = PBXBuildFile; fileRef = BCB03AAE1EEA7E0F0001F1B7 /* TableView+.swift */; };
		BCB03AB11EEA7E0F0001F1B7 /* TableView+.swift in Sources */ = {isa = PBXBuildFile; fileRef = BCB03AAE1EEA7E0F0001F1B7 /* TableView+.swift */; };
		BCB03AB31EEA82C80001F1B7 /* EventCell.swift in Sources */ = {isa = PBXBuildFile; fileRef = BCB03AB21EEA82C80001F1B7 /* EventCell.swift */; };
		BCBCCC371EE3C86800E3BD7A /* APIService.swift in Sources */ = {isa = PBXBuildFile; fileRef = BCBCCC361EE3C86800E3BD7A /* APIService.swift */; };
		BCBCCC3A1EE3D02700E3BD7A /* Repo.swift in Sources */ = {isa = PBXBuildFile; fileRef = BCBCCC391EE3D02700E3BD7A /* Repo.swift */; };
		BCBCCC401EE4ED0600E3BD7A /* APIInput.swift in Sources */ = {isa = PBXBuildFile; fileRef = BCBCCC3F1EE4ED0600E3BD7A /* APIInput.swift */; };
		BCBCCC421EE4ED0E00E3BD7A /* APIOutput.swift in Sources */ = {isa = PBXBuildFile; fileRef = BCBCCC411EE4ED0E00E3BD7A /* APIOutput.swift */; };
		BCFFE8DE1EE7E37C00D9BA76 /* APIService.swift in Sources */ = {isa = PBXBuildFile; fileRef = BCBCCC361EE3C86800E3BD7A /* APIService.swift */; };
		BCFFE8FA1EE8FF7100D9BA76 /* Main.storyboard in Resources */ = {isa = PBXBuildFile; fileRef = BCFFE8E31EE8FF7100D9BA76 /* Main.storyboard */; };
		BCFFE9001EE8FF7100D9BA76 /* EventListViewController.swift in Sources */ = {isa = PBXBuildFile; fileRef = BCFFE8E81EE8FF7100D9BA76 /* EventListViewController.swift */; };
		BCFFE9061EE8FF7100D9BA76 /* RepoListViewController.swift in Sources */ = {isa = PBXBuildFile; fileRef = BCFFE8EC1EE8FF7100D9BA76 /* RepoListViewController.swift */; };
		BCFFE9091EE8FF7100D9BA76 /* Main.storyboard in Resources */ = {isa = PBXBuildFile; fileRef = BCFFE8EE1EE8FF7100D9BA76 /* Main.storyboard */; };
		BCFFE90B1EE8FF7100D9BA76 /* EventListViewController.swift in Sources */ = {isa = PBXBuildFile; fileRef = BCFFE8F11EE8FF7100D9BA76 /* EventListViewController.swift */; };
		BCFFE90D1EE8FF7100D9BA76 /* RepoListViewController.swift in Sources */ = {isa = PBXBuildFile; fileRef = BCFFE8F31EE8FF7100D9BA76 /* RepoListViewController.swift */; };
		BCFFE90F1EE8FF7100D9BA76 /* RepoListViewModel.swift in Sources */ = {isa = PBXBuildFile; fileRef = BCFFE8F51EE8FF7100D9BA76 /* RepoListViewModel.swift */; };
		BCFFE9121EE8FF9500D9BA76 /* AppDelegate.swift in Sources */ = {isa = PBXBuildFile; fileRef = BCFFE9111EE8FF9500D9BA76 /* AppDelegate.swift */; };
		BCFFE9191EE9000D00D9BA76 /* EventCell.swift in Sources */ = {isa = PBXBuildFile; fileRef = BCFFE9141EE9000D00D9BA76 /* EventCell.swift */; };
		BCFFE91A1EE9000D00D9BA76 /* EventCell.swift in Sources */ = {isa = PBXBuildFile; fileRef = BCFFE9141EE9000D00D9BA76 /* EventCell.swift */; };
		BCFFE91B1EE9000D00D9BA76 /* EventCell.xib in Resources */ = {isa = PBXBuildFile; fileRef = BCFFE9151EE9000D00D9BA76 /* EventCell.xib */; };
		BCFFE91C1EE9000D00D9BA76 /* EventCell.xib in Resources */ = {isa = PBXBuildFile; fileRef = BCFFE9151EE9000D00D9BA76 /* EventCell.xib */; };
		BCFFE91D1EE9000D00D9BA76 /* LaunchScreen.storyboard in Resources */ = {isa = PBXBuildFile; fileRef = BCFFE9161EE9000D00D9BA76 /* LaunchScreen.storyboard */; };
		BCFFE91E1EE9000D00D9BA76 /* LaunchScreen.storyboard in Resources */ = {isa = PBXBuildFile; fileRef = BCFFE9161EE9000D00D9BA76 /* LaunchScreen.storyboard */; };
		BCFFE91F1EE9000D00D9BA76 /* RepoCell.swift in Sources */ = {isa = PBXBuildFile; fileRef = BCFFE9171EE9000D00D9BA76 /* RepoCell.swift */; };
		BCFFE9201EE9000D00D9BA76 /* RepoCell.swift in Sources */ = {isa = PBXBuildFile; fileRef = BCFFE9171EE9000D00D9BA76 /* RepoCell.swift */; };
		BCFFE9211EE9000D00D9BA76 /* RepoCell.xib in Resources */ = {isa = PBXBuildFile; fileRef = BCFFE9181EE9000D00D9BA76 /* RepoCell.xib */; };
		BCFFE9221EE9000D00D9BA76 /* RepoCell.xib in Resources */ = {isa = PBXBuildFile; fileRef = BCFFE9181EE9000D00D9BA76 /* RepoCell.xib */; };
		BCFFE9241EE9014800D9BA76 /* AppDelegate.swift in Sources */ = {isa = PBXBuildFile; fileRef = BCFFE9231EE9014800D9BA76 /* AppDelegate.swift */; };
		BCFFE9261EE9019600D9BA76 /* Navigator.swift in Sources */ = {isa = PBXBuildFile; fileRef = BCFFE9251EE9019600D9BA76 /* Navigator.swift */; };
		BCFFE92E1EE9236200D9BA76 /* SwinjectStoryboard.swift in Sources */ = {isa = PBXBuildFile; fileRef = BCFFE92D1EE9236200D9BA76 /* SwinjectStoryboard.swift */; };
		BCFFE9311EE923C600D9BA76 /* SwinjectStoryboard.swift in Sources */ = {isa = PBXBuildFile; fileRef = BCFFE92F1EE923B600D9BA76 /* SwinjectStoryboard.swift */; };
		BCFFE9341EE928E500D9BA76 /* Storyboard+.swift in Sources */ = {isa = PBXBuildFile; fileRef = BCFFE9331EE928E500D9BA76 /* Storyboard+.swift */; };
		BCFFE9351EE928E500D9BA76 /* Storyboard+.swift in Sources */ = {isa = PBXBuildFile; fileRef = BCFFE9331EE928E500D9BA76 /* Storyboard+.swift */; };
		BCFFE9381EE9336900D9BA76 /* EventListViewModel.swift in Sources */ = {isa = PBXBuildFile; fileRef = BCFFE9361EE9336900D9BA76 /* EventListViewModel.swift */; };
		BCFFE9401EE941D000D9BA76 /* AppDelegate.swift in Sources */ = {isa = PBXBuildFile; fileRef = BCFFE93F1EE941D000D9BA76 /* AppDelegate.swift */; };
		BCFFE9441EE941D000D9BA76 /* Assets.xcassets in Resources */ = {isa = PBXBuildFile; fileRef = BCFFE9431EE941D000D9BA76 /* Assets.xcassets */; };
		BCFFE9471EE941D000D9BA76 /* Main.storyboard in Resources */ = {isa = PBXBuildFile; fileRef = BCFFE9451EE941D000D9BA76 /* Main.storyboard */; };
/* End PBXBuildFile section */

/* Begin PBXFileReference section */
		10E922CB08159E56D654E9B6 /* Pods-AppAbstract-macOS.release.xcconfig */ = {isa = PBXFileReference; includeInIndex = 1; lastKnownFileType = text.xcconfig; name = "Pods-AppAbstract-macOS.release.xcconfig"; path = "Pods/Target Support Files/Pods-AppAbstract-macOS/Pods-AppAbstract-macOS.release.xcconfig"; sourceTree = "<group>"; };
		21CE244CCE77BAC8338645E2 /* Pods-AppAbstract-MVVM.debug.xcconfig */ = {isa = PBXFileReference; includeInIndex = 1; lastKnownFileType = text.xcconfig; name = "Pods-AppAbstract-MVVM.debug.xcconfig"; path = "Pods/Target Support Files/Pods-AppAbstract-MVVM/Pods-AppAbstract-MVVM.debug.xcconfig"; sourceTree = "<group>"; };
		376901FDEE1D1F7FAC5BA52D /* Pods_MVC.framework */ = {isa = PBXFileReference; explicitFileType = wrapper.framework; includeInIndex = 0; path = Pods_MVC.framework; sourceTree = BUILT_PRODUCTS_DIR; };
		498DB2600D45A87E86B27F2A /* Pods-AppAbstract-MAC.debug.xcconfig */ = {isa = PBXFileReference; includeInIndex = 1; lastKnownFileType = text.xcconfig; name = "Pods-AppAbstract-MAC.debug.xcconfig"; path = "Pods/Target Support Files/Pods-AppAbstract-MAC/Pods-AppAbstract-MAC.debug.xcconfig"; sourceTree = "<group>"; };
		4E223D68470F528BB4C351DA /* Pods-MVVM.debug.xcconfig */ = {isa = PBXFileReference; includeInIndex = 1; lastKnownFileType = text.xcconfig; name = "Pods-MVVM.debug.xcconfig"; path = "Pods/Target Support Files/Pods-MVVM/Pods-MVVM.debug.xcconfig"; sourceTree = "<group>"; };
		4F3338142C18F48233B2BC63 /* Pods-AppAbstract-MVC.release.xcconfig */ = {isa = PBXFileReference; includeInIndex = 1; lastKnownFileType = text.xcconfig; name = "Pods-AppAbstract-MVC.release.xcconfig"; path = "Pods/Target Support Files/Pods-AppAbstract-MVC/Pods-AppAbstract-MVC.release.xcconfig"; sourceTree = "<group>"; };
		52274A117A711AD601A61935 /* Pods-AppAbstract-MVVM.release.xcconfig */ = {isa = PBXFileReference; includeInIndex = 1; lastKnownFileType = text.xcconfig; name = "Pods-AppAbstract-MVVM.release.xcconfig"; path = "Pods/Target Support Files/Pods-AppAbstract-MVVM/Pods-AppAbstract-MVVM.release.xcconfig"; sourceTree = "<group>"; };
		5FB9F175D0AF188318F9DCE3 /* Pods-AppAbstract-MAC.release.xcconfig */ = {isa = PBXFileReference; includeInIndex = 1; lastKnownFileType = text.xcconfig; name = "Pods-AppAbstract-MAC.release.xcconfig"; path = "Pods/Target Support Files/Pods-AppAbstract-MAC/Pods-AppAbstract-MAC.release.xcconfig"; sourceTree = "<group>"; };
		60FDC2FAF771A15FC6C0C49D /* Pods_AppAbstract_MAC.framework */ = {isa = PBXFileReference; explicitFileType = wrapper.framework; includeInIndex = 0; path = Pods_AppAbstract_MAC.framework; sourceTree = BUILT_PRODUCTS_DIR; };
		70D6CB252FE611577CA11690 /* Pods-macOS.release.xcconfig */ = {isa = PBXFileReference; includeInIndex = 1; lastKnownFileType = text.xcconfig; name = "Pods-macOS.release.xcconfig"; path = "Pods/Target Support Files/Pods-macOS/Pods-macOS.release.xcconfig"; sourceTree = "<group>"; };
		7C5DE4DF78B1B81A9D82C824 /* Pods-AppAbstract-MVC.debug.xcconfig */ = {isa = PBXFileReference; includeInIndex = 1; lastKnownFileType = text.xcconfig; name = "Pods-AppAbstract-MVC.debug.xcconfig"; path = "Pods/Target Support Files/Pods-AppAbstract-MVC/Pods-AppAbstract-MVC.debug.xcconfig"; sourceTree = "<group>"; };
		8485C6FCFCF722FC2888D5AA /* Pods_MVVM.framework */ = {isa = PBXFileReference; explicitFileType = wrapper.framework; includeInIndex = 0; path = Pods_MVVM.framework; sourceTree = BUILT_PRODUCTS_DIR; };
		A0C5D99ADF413CD0F7C4A080 /* Pods-macOS.debug.xcconfig */ = {isa = PBXFileReference; includeInIndex = 1; lastKnownFileType = text.xcconfig; name = "Pods-macOS.debug.xcconfig"; path = "Pods/Target Support Files/Pods-macOS/Pods-macOS.debug.xcconfig"; sourceTree = "<group>"; };
		A4005CE85F0B4516F6C612E0 /* Pods-MVC.release.xcconfig */ = {isa = PBXFileReference; includeInIndex = 1; lastKnownFileType = text.xcconfig; name = "Pods-MVC.release.xcconfig"; path = "Pods/Target Support Files/Pods-MVC/Pods-MVC.release.xcconfig"; sourceTree = "<group>"; };
		AD333FCF61EF2B9F01F716FF /* Pods_MGMVVMRxSwiftDemo.framework */ = {isa = PBXFileReference; explicitFileType = wrapper.framework; includeInIndex = 0; path = Pods_MGMVVMRxSwiftDemo.framework; sourceTree = BUILT_PRODUCTS_DIR; };
		B19E2A4C21045F7A5444DB42 /* Pods_macOS.framework */ = {isa = PBXFileReference; explicitFileType = wrapper.framework; includeInIndex = 0; path = Pods_macOS.framework; sourceTree = BUILT_PRODUCTS_DIR; };
		B6A7D2F848864DB76215CA7E /* Pods-MVC.debug.xcconfig */ = {isa = PBXFileReference; includeInIndex = 1; lastKnownFileType = text.xcconfig; name = "Pods-MVC.debug.xcconfig"; path = "Pods/Target Support Files/Pods-MVC/Pods-MVC.debug.xcconfig"; sourceTree = "<group>"; };
		BC276F071EDBAAB0007B1375 /* MVC.app */ = {isa = PBXFileReference; explicitFileType = wrapper.application; includeInIndex = 0; path = MVC.app; sourceTree = BUILT_PRODUCTS_DIR; };
		BC276F111EDBAAB0007B1375 /* Assets.xcassets */ = {isa = PBXFileReference; lastKnownFileType = folder.assetcatalog; name = Assets.xcassets; path = ../Assets.xcassets; sourceTree = "<group>"; };
		BC276F161EDBAAB0007B1375 /* Info.plist */ = {isa = PBXFileReference; lastKnownFileType = text.plist.xml; name = Info.plist; path = ../Info.plist; sourceTree = "<group>"; };
		BC276F1C1EDBABEC007B1375 /* MyPlayground.playground */ = {isa = PBXFileReference; lastKnownFileType = file.playground; path = MyPlayground.playground; sourceTree = "<group>"; };
		BC3334CB1EEA79AE00EDEF7E /* RepoCell.swift */ = {isa = PBXFileReference; fileEncoding = 4; lastKnownFileType = sourcecode.swift; path = RepoCell.swift; sourceTree = "<group>"; };
		BC359C971EEA346A00F2F181 /* RepoListViewController.swift */ = {isa = PBXFileReference; fileEncoding = 4; lastKnownFileType = sourcecode.swift; path = RepoListViewController.swift; sourceTree = "<group>"; };
		BC359C991EEA347800F2F181 /* EventListViewController.swift */ = {isa = PBXFileReference; fileEncoding = 4; lastKnownFileType = sourcecode.swift; path = EventListViewController.swift; sourceTree = "<group>"; };
		BC359C9D1EEA555E00F2F181 /* Navigator.swift */ = {isa = PBXFileReference; fileEncoding = 4; lastKnownFileType = sourcecode.swift; path = Navigator.swift; sourceTree = "<group>"; };
		BC49DE741EE551E900BF7616 /* RepoList.swift */ = {isa = PBXFileReference; fileEncoding = 4; lastKnownFileType = sourcecode.swift; path = RepoList.swift; sourceTree = "<group>"; };
		BC49DE751EE551E900BF7616 /* RepoService.swift */ = {isa = PBXFileReference; fileEncoding = 4; lastKnownFileType = sourcecode.swift; path = RepoService.swift; sourceTree = "<group>"; };
		BC49DE7A1EE5526500BF7616 /* Event.swift */ = {isa = PBXFileReference; fileEncoding = 4; lastKnownFileType = sourcecode.swift; path = Event.swift; sourceTree = "<group>"; };
		BC49DE7C1EE5530700BF7616 /* EventList.swift */ = {isa = PBXFileReference; fileEncoding = 4; lastKnownFileType = sourcecode.swift; path = EventList.swift; sourceTree = "<group>"; };
		BCABC3761EE68E9100AF5B55 /* URLs.swift */ = {isa = PBXFileReference; fileEncoding = 4; lastKnownFileType = sourcecode.swift; path = URLs.swift; sourceTree = "<group>"; };
		BCABC3781EE699EE00AF5B55 /* APIExtensions.swift */ = {isa = PBXFileReference; fileEncoding = 4; lastKnownFileType = sourcecode.swift; path = APIExtensions.swift; sourceTree = "<group>"; };
		BCABC3B71EE7D95B00AF5B55 /* MVVM.app */ = {isa = PBXFileReference; explicitFileType = wrapper.application; includeInIndex = 0; path = MVVM.app; sourceTree = BUILT_PRODUCTS_DIR; };
		BCABC3B81EE7D95B00AF5B55 /* MVVM.plist */ = {isa = PBXFileReference; lastKnownFileType = text.plist.xml; name = MVVM.plist; path = /Users/tuantruong/Documents/Git/MGMVVMRxSwiftDemo/MVVM.plist; sourceTree = "<absolute>"; };
		BCB03AAE1EEA7E0F0001F1B7 /* TableView+.swift */ = {isa = PBXFileReference; fileEncoding = 4; lastKnownFileType = sourcecode.swift; path = "TableView+.swift"; sourceTree = "<group>"; };
		BCB03AB21EEA82C80001F1B7 /* EventCell.swift */ = {isa = PBXFileReference; fileEncoding = 4; lastKnownFileType = sourcecode.swift; path = EventCell.swift; sourceTree = "<group>"; };
		BCBCCC361EE3C86800E3BD7A /* APIService.swift */ = {isa = PBXFileReference; fileEncoding = 4; lastKnownFileType = sourcecode.swift; path = APIService.swift; sourceTree = "<group>"; };
		BCBCCC391EE3D02700E3BD7A /* Repo.swift */ = {isa = PBXFileReference; fileEncoding = 4; lastKnownFileType = sourcecode.swift; path = Repo.swift; sourceTree = "<group>"; };
		BCBCCC3F1EE4ED0600E3BD7A /* APIInput.swift */ = {isa = PBXFileReference; fileEncoding = 4; lastKnownFileType = sourcecode.swift; path = APIInput.swift; sourceTree = "<group>"; };
		BCBCCC411EE4ED0E00E3BD7A /* APIOutput.swift */ = {isa = PBXFileReference; fileEncoding = 4; lastKnownFileType = sourcecode.swift; path = APIOutput.swift; sourceTree = "<group>"; };
		BCFFE8E31EE8FF7100D9BA76 /* Main.storyboard */ = {isa = PBXFileReference; fileEncoding = 4; lastKnownFileType = file.storyboard; path = Main.storyboard; sourceTree = "<group>"; };
		BCFFE8E81EE8FF7100D9BA76 /* EventListViewController.swift */ = {isa = PBXFileReference; fileEncoding = 4; lastKnownFileType = sourcecode.swift; path = EventListViewController.swift; sourceTree = "<group>"; };
		BCFFE8EC1EE8FF7100D9BA76 /* RepoListViewController.swift */ = {isa = PBXFileReference; fileEncoding = 4; lastKnownFileType = sourcecode.swift; path = RepoListViewController.swift; sourceTree = "<group>"; };
		BCFFE8EE1EE8FF7100D9BA76 /* Main.storyboard */ = {isa = PBXFileReference; fileEncoding = 4; lastKnownFileType = file.storyboard; path = Main.storyboard; sourceTree = "<group>"; };
		BCFFE8F11EE8FF7100D9BA76 /* EventListViewController.swift */ = {isa = PBXFileReference; fileEncoding = 4; lastKnownFileType = sourcecode.swift; path = EventListViewController.swift; sourceTree = "<group>"; };
		BCFFE8F31EE8FF7100D9BA76 /* RepoListViewController.swift */ = {isa = PBXFileReference; fileEncoding = 4; lastKnownFileType = sourcecode.swift; path = RepoListViewController.swift; sourceTree = "<group>"; };
		BCFFE8F51EE8FF7100D9BA76 /* RepoListViewModel.swift */ = {isa = PBXFileReference; fileEncoding = 4; lastKnownFileType = sourcecode.swift; path = RepoListViewModel.swift; sourceTree = "<group>"; };
		BCFFE9111EE8FF9500D9BA76 /* AppDelegate.swift */ = {isa = PBXFileReference; fileEncoding = 4; lastKnownFileType = sourcecode.swift; path = AppDelegate.swift; sourceTree = "<group>"; };
		BCFFE9141EE9000D00D9BA76 /* EventCell.swift */ = {isa = PBXFileReference; fileEncoding = 4; lastKnownFileType = sourcecode.swift; path = EventCell.swift; sourceTree = "<group>"; };
		BCFFE9151EE9000D00D9BA76 /* EventCell.xib */ = {isa = PBXFileReference; fileEncoding = 4; lastKnownFileType = file.xib; path = EventCell.xib; sourceTree = "<group>"; };
		BCFFE9161EE9000D00D9BA76 /* LaunchScreen.storyboard */ = {isa = PBXFileReference; fileEncoding = 4; lastKnownFileType = file.storyboard; path = LaunchScreen.storyboard; sourceTree = "<group>"; };
		BCFFE9171EE9000D00D9BA76 /* RepoCell.swift */ = {isa = PBXFileReference; fileEncoding = 4; lastKnownFileType = sourcecode.swift; path = RepoCell.swift; sourceTree = "<group>"; };
		BCFFE9181EE9000D00D9BA76 /* RepoCell.xib */ = {isa = PBXFileReference; fileEncoding = 4; lastKnownFileType = file.xib; path = RepoCell.xib; sourceTree = "<group>"; };
		BCFFE9231EE9014800D9BA76 /* AppDelegate.swift */ = {isa = PBXFileReference; fileEncoding = 4; lastKnownFileType = sourcecode.swift; path = AppDelegate.swift; sourceTree = "<group>"; };
		BCFFE9251EE9019600D9BA76 /* Navigator.swift */ = {isa = PBXFileReference; fileEncoding = 4; lastKnownFileType = sourcecode.swift; path = Navigator.swift; sourceTree = "<group>"; };
		BCFFE92D1EE9236200D9BA76 /* SwinjectStoryboard.swift */ = {isa = PBXFileReference; fileEncoding = 4; lastKnownFileType = sourcecode.swift; path = SwinjectStoryboard.swift; sourceTree = "<group>"; };
		BCFFE92F1EE923B600D9BA76 /* SwinjectStoryboard.swift */ = {isa = PBXFileReference; fileEncoding = 4; lastKnownFileType = sourcecode.swift; path = SwinjectStoryboard.swift; sourceTree = "<group>"; };
		BCFFE9331EE928E500D9BA76 /* Storyboard+.swift */ = {isa = PBXFileReference; fileEncoding = 4; lastKnownFileType = sourcecode.swift; path = "Storyboard+.swift"; sourceTree = "<group>"; };
		BCFFE9361EE9336900D9BA76 /* EventListViewModel.swift */ = {isa = PBXFileReference; fileEncoding = 4; lastKnownFileType = sourcecode.swift; path = EventListViewModel.swift; sourceTree = "<group>"; };
		BCFFE93D1EE941D000D9BA76 /* macOS.app */ = {isa = PBXFileReference; explicitFileType = wrapper.application; includeInIndex = 0; path = macOS.app; sourceTree = BUILT_PRODUCTS_DIR; };
		BCFFE93F1EE941D000D9BA76 /* AppDelegate.swift */ = {isa = PBXFileReference; lastKnownFileType = sourcecode.swift; path = AppDelegate.swift; sourceTree = "<group>"; };
		BCFFE9431EE941D000D9BA76 /* Assets.xcassets */ = {isa = PBXFileReference; lastKnownFileType = folder.assetcatalog; path = Assets.xcassets; sourceTree = "<group>"; };
		BCFFE9461EE941D000D9BA76 /* Base */ = {isa = PBXFileReference; lastKnownFileType = file.storyboard; name = Base; path = Base.lproj/Main.storyboard; sourceTree = "<group>"; };
		BCFFE9481EE941D000D9BA76 /* Info.plist */ = {isa = PBXFileReference; lastKnownFileType = text.plist.xml; path = Info.plist; sourceTree = "<group>"; };
		C15B54FBE294DF9A01CAAD6A /* Pods-AppAbstract-macOS.debug.xcconfig */ = {isa = PBXFileReference; includeInIndex = 1; lastKnownFileType = text.xcconfig; name = "Pods-AppAbstract-macOS.debug.xcconfig"; path = "Pods/Target Support Files/Pods-AppAbstract-macOS/Pods-AppAbstract-macOS.debug.xcconfig"; sourceTree = "<group>"; };
		D2032DCE5C57FC2DAFD6B15B /* Pods_AppAbstract_MVVM.framework */ = {isa = PBXFileReference; explicitFileType = wrapper.framework; includeInIndex = 0; path = Pods_AppAbstract_MVVM.framework; sourceTree = BUILT_PRODUCTS_DIR; };
		D36CCF17F75B5095BF02F3B7 /* Pods_AppAbstract_macOS.framework */ = {isa = PBXFileReference; explicitFileType = wrapper.framework; includeInIndex = 0; path = Pods_AppAbstract_macOS.framework; sourceTree = BUILT_PRODUCTS_DIR; };
		F88A58E3C8CE3ACCA314EC29 /* Pods-MVVM.release.xcconfig */ = {isa = PBXFileReference; includeInIndex = 1; lastKnownFileType = text.xcconfig; name = "Pods-MVVM.release.xcconfig"; path = "Pods/Target Support Files/Pods-MVVM/Pods-MVVM.release.xcconfig"; sourceTree = "<group>"; };
		FAA4F1479F18BE2AD4E07ACC /* Pods_AppAbstract_MVC.framework */ = {isa = PBXFileReference; explicitFileType = wrapper.framework; includeInIndex = 0; path = Pods_AppAbstract_MVC.framework; sourceTree = BUILT_PRODUCTS_DIR; };
/* End PBXFileReference section */

/* Begin PBXFrameworksBuildPhase section */
		BC276F041EDBAAB0007B1375 /* Frameworks */ = {
			isa = PBXFrameworksBuildPhase;
			buildActionMask = 2147483647;
			files = (
				9790A54020E90D3CD13A866F /* Pods_AppAbstract_MVC.framework in Frameworks */,
			);
			runOnlyForDeploymentPostprocessing = 0;
		};
		BCABC3AA1EE7D95B00AF5B55 /* Frameworks */ = {
			isa = PBXFrameworksBuildPhase;
			buildActionMask = 2147483647;
			files = (
				3988DFE3CD89CC17ED8B1523 /* Pods_AppAbstract_MVVM.framework in Frameworks */,
			);
			runOnlyForDeploymentPostprocessing = 0;
		};
		BCFFE93A1EE941D000D9BA76 /* Frameworks */ = {
			isa = PBXFrameworksBuildPhase;
			buildActionMask = 2147483647;
			files = (
				5A69A028A5743FCD3A5A463C /* Pods_AppAbstract_macOS.framework in Frameworks */,
			);
			runOnlyForDeploymentPostprocessing = 0;
		};
/* End PBXFrameworksBuildPhase section */

/* Begin PBXGroup section */
		933D94CA66EFFCFD60FFFAAC /* Pods */ = {
			isa = PBXGroup;
			children = (
				B6A7D2F848864DB76215CA7E /* Pods-MVC.debug.xcconfig */,
				A4005CE85F0B4516F6C612E0 /* Pods-MVC.release.xcconfig */,
				4E223D68470F528BB4C351DA /* Pods-MVVM.debug.xcconfig */,
				F88A58E3C8CE3ACCA314EC29 /* Pods-MVVM.release.xcconfig */,
				A0C5D99ADF413CD0F7C4A080 /* Pods-macOS.debug.xcconfig */,
				70D6CB252FE611577CA11690 /* Pods-macOS.release.xcconfig */,
				7C5DE4DF78B1B81A9D82C824 /* Pods-AppAbstract-MVC.debug.xcconfig */,
				4F3338142C18F48233B2BC63 /* Pods-AppAbstract-MVC.release.xcconfig */,
				21CE244CCE77BAC8338645E2 /* Pods-AppAbstract-MVVM.debug.xcconfig */,
				52274A117A711AD601A61935 /* Pods-AppAbstract-MVVM.release.xcconfig */,
				498DB2600D45A87E86B27F2A /* Pods-AppAbstract-MAC.debug.xcconfig */,
				5FB9F175D0AF188318F9DCE3 /* Pods-AppAbstract-MAC.release.xcconfig */,
				C15B54FBE294DF9A01CAAD6A /* Pods-AppAbstract-macOS.debug.xcconfig */,
				10E922CB08159E56D654E9B6 /* Pods-AppAbstract-macOS.release.xcconfig */,
			);
			name = Pods;
			sourceTree = "<group>";
		};
		95C377F8F1EAB38B5D2444EE /* Frameworks */ = {
			isa = PBXGroup;
			children = (
				AD333FCF61EF2B9F01F716FF /* Pods_MGMVVMRxSwiftDemo.framework */,
				376901FDEE1D1F7FAC5BA52D /* Pods_MVC.framework */,
				8485C6FCFCF722FC2888D5AA /* Pods_MVVM.framework */,
				B19E2A4C21045F7A5444DB42 /* Pods_macOS.framework */,
				FAA4F1479F18BE2AD4E07ACC /* Pods_AppAbstract_MVC.framework */,
				D2032DCE5C57FC2DAFD6B15B /* Pods_AppAbstract_MVVM.framework */,
				D36CCF17F75B5095BF02F3B7 /* Pods_AppAbstract_macOS.framework */,
				60FDC2FAF771A15FC6C0C49D /* Pods_AppAbstract_MAC.framework */,
			);
			name = Frameworks;
			sourceTree = "<group>";
		};
		BC276EFE1EDBAAB0007B1375 = {
			isa = PBXGroup;
			children = (
				BC276F091EDBAAB0007B1375 /* MGMVVMRxSwiftDemo */,
				BC276F081EDBAAB0007B1375 /* Products */,
				933D94CA66EFFCFD60FFFAAC /* Pods */,
				95C377F8F1EAB38B5D2444EE /* Frameworks */,
			);
			sourceTree = "<group>";
		};
		BC276F081EDBAAB0007B1375 /* Products */ = {
			isa = PBXGroup;
			children = (
				BC276F071EDBAAB0007B1375 /* MVC.app */,
				BCABC3B71EE7D95B00AF5B55 /* MVVM.app */,
				BCFFE93D1EE941D000D9BA76 /* macOS.app */,
			);
			name = Products;
			sourceTree = "<group>";
		};
		BC276F091EDBAAB0007B1375 /* MGMVVMRxSwiftDemo */ = {
			isa = PBXGroup;
			children = (
				BCFFE9321EE928CD00D9BA76 /* Common */,
				BCBCCC341EE3C85C00E3BD7A /* Services */,
				BCBCCC381EE3D01D00E3BD7A /* Models */,
				BCFFE8DF1EE8FF7100D9BA76 /* iOS */,
				BCFFE93E1EE941D000D9BA76 /* macOS */,
				BC276F1C1EDBABEC007B1375 /* MyPlayground.playground */,
			);
			path = MGMVVMRxSwiftDemo;
			sourceTree = "<group>";
		};
		BC359C941EEA328700F2F181 /* ViewControllers */ = {
			isa = PBXGroup;
			children = (
				BC359C951EEA343B00F2F181 /* RepoList */,
				BC359C961EEA343B00F2F181 /* EventList */,
			);
			path = ViewControllers;
			sourceTree = "<group>";
		};
		BC359C951EEA343B00F2F181 /* RepoList */ = {
			isa = PBXGroup;
			children = (
				BC359C971EEA346A00F2F181 /* RepoListViewController.swift */,
				BC3334CB1EEA79AE00EDEF7E /* RepoCell.swift */,
			);
			path = RepoList;
			sourceTree = "<group>";
		};
		BC359C961EEA343B00F2F181 /* EventList */ = {
			isa = PBXGroup;
			children = (
				BC359C991EEA347800F2F181 /* EventListViewController.swift */,
				BCB03AB21EEA82C80001F1B7 /* EventCell.swift */,
			);
			path = EventList;
			sourceTree = "<group>";
		};
		BC49DE731EE551E900BF7616 /* Repo */ = {
			isa = PBXGroup;
			children = (
				BC49DE741EE551E900BF7616 /* RepoList.swift */,
				BC49DE7C1EE5530700BF7616 /* EventList.swift */,
				BC49DE751EE551E900BF7616 /* RepoService.swift */,
			);
			path = Repo;
			sourceTree = "<group>";
		};
		BCBCCC341EE3C85C00E3BD7A /* Services */ = {
			isa = PBXGroup;
			children = (
				BCBCCC351EE3C85C00E3BD7A /* API */,
			);
			path = Services;
			sourceTree = "<group>";
		};
		BCBCCC351EE3C85C00E3BD7A /* API */ = {
			isa = PBXGroup;
			children = (
				BC49DE731EE551E900BF7616 /* Repo */,
				BCBCCC361EE3C86800E3BD7A /* APIService.swift */,
				BCABC3781EE699EE00AF5B55 /* APIExtensions.swift */,
				BCBCCC3F1EE4ED0600E3BD7A /* APIInput.swift */,
				BCBCCC411EE4ED0E00E3BD7A /* APIOutput.swift */,
				BCABC3761EE68E9100AF5B55 /* URLs.swift */,
			);
			path = API;
			sourceTree = "<group>";
		};
		BCBCCC381EE3D01D00E3BD7A /* Models */ = {
			isa = PBXGroup;
			children = (
				BCBCCC391EE3D02700E3BD7A /* Repo.swift */,
				BC49DE7A1EE5526500BF7616 /* Event.swift */,
			);
			path = Models;
			sourceTree = "<group>";
		};
		BCFFE8DF1EE8FF7100D9BA76 /* iOS */ = {
			isa = PBXGroup;
			children = (
				BC276F111EDBAAB0007B1375 /* Assets.xcassets */,
				BC276F161EDBAAB0007B1375 /* Info.plist */,
				BCABC3B81EE7D95B00AF5B55 /* MVVM.plist */,
				BCFFE9131EE9000D00D9BA76 /* Common */,
				BCFFE8E11EE8FF7100D9BA76 /* MVC */,
				BCFFE8ED1EE8FF7100D9BA76 /* MVVM */,
			);
			path = iOS;
			sourceTree = "<group>";
		};
		BCFFE8E11EE8FF7100D9BA76 /* MVC */ = {
			isa = PBXGroup;
			children = (
				BCFFE9111EE8FF9500D9BA76 /* AppDelegate.swift */,
				BCFFE92F1EE923B600D9BA76 /* SwinjectStoryboard.swift */,
				BCFFE8E31EE8FF7100D9BA76 /* Main.storyboard */,
				BCFFE8E41EE8FF7100D9BA76 /* ViewControllers */,
			);
			path = MVC;
			sourceTree = "<group>";
		};
		BCFFE8E41EE8FF7100D9BA76 /* ViewControllers */ = {
			isa = PBXGroup;
			children = (
				BCFFE8E91EE8FF7100D9BA76 /* Repo */,
				BCFFE8E51EE8FF7100D9BA76 /* Event */,
			);
			path = ViewControllers;
			sourceTree = "<group>";
		};
		BCFFE8E51EE8FF7100D9BA76 /* Event */ = {
			isa = PBXGroup;
			children = (
				BCFFE8E81EE8FF7100D9BA76 /* EventListViewController.swift */,
			);
			path = Event;
			sourceTree = "<group>";
		};
		BCFFE8E91EE8FF7100D9BA76 /* Repo */ = {
			isa = PBXGroup;
			children = (
				BCFFE8EC1EE8FF7100D9BA76 /* RepoListViewController.swift */,
			);
			path = Repo;
			sourceTree = "<group>";
		};
		BCFFE8ED1EE8FF7100D9BA76 /* MVVM */ = {
			isa = PBXGroup;
			children = (
				BCFFE9231EE9014800D9BA76 /* AppDelegate.swift */,
				BCFFE92D1EE9236200D9BA76 /* SwinjectStoryboard.swift */,
				BCFFE9251EE9019600D9BA76 /* Navigator.swift */,
				BCFFE8EE1EE8FF7100D9BA76 /* Main.storyboard */,
				BCFFE8EF1EE8FF7100D9BA76 /* ViewControllers */,
				BCFFE8F41EE8FF7100D9BA76 /* ViewModels */,
			);
			path = MVVM;
			sourceTree = "<group>";
		};
		BCFFE8EF1EE8FF7100D9BA76 /* ViewControllers */ = {
			isa = PBXGroup;
			children = (
				BCFFE8F21EE8FF7100D9BA76 /* Repo */,
				BCFFE8F01EE8FF7100D9BA76 /* Event */,
			);
			path = ViewControllers;
			sourceTree = "<group>";
		};
		BCFFE8F01EE8FF7100D9BA76 /* Event */ = {
			isa = PBXGroup;
			children = (
				BCFFE8F11EE8FF7100D9BA76 /* EventListViewController.swift */,
			);
			path = Event;
			sourceTree = "<group>";
		};
		BCFFE8F21EE8FF7100D9BA76 /* Repo */ = {
			isa = PBXGroup;
			children = (
				BCFFE8F31EE8FF7100D9BA76 /* RepoListViewController.swift */,
			);
			path = Repo;
			sourceTree = "<group>";
		};
		BCFFE8F41EE8FF7100D9BA76 /* ViewModels */ = {
			isa = PBXGroup;
			children = (
				BCFFE8F51EE8FF7100D9BA76 /* RepoListViewModel.swift */,
				BCFFE9361EE9336900D9BA76 /* EventListViewModel.swift */,
			);
			path = ViewModels;
			sourceTree = "<group>";
		};
		BCFFE9131EE9000D00D9BA76 /* Common */ = {
			isa = PBXGroup;
			children = (
				BCFFE9161EE9000D00D9BA76 /* LaunchScreen.storyboard */,
				BCFFE9141EE9000D00D9BA76 /* EventCell.swift */,
				BCFFE9151EE9000D00D9BA76 /* EventCell.xib */,
				BCFFE9171EE9000D00D9BA76 /* RepoCell.swift */,
				BCFFE9181EE9000D00D9BA76 /* RepoCell.xib */,
			);
			path = Common;
			sourceTree = "<group>";
		};
		BCFFE9321EE928CD00D9BA76 /* Common */ = {
			isa = PBXGroup;
			children = (
				BCFFE9331EE928E500D9BA76 /* Storyboard+.swift */,
				BCB03AAE1EEA7E0F0001F1B7 /* TableView+.swift */,
			);
			path = Common;
			sourceTree = "<group>";
		};
		BCFFE93E1EE941D000D9BA76 /* macOS */ = {
			isa = PBXGroup;
			children = (
				BCFFE93F1EE941D000D9BA76 /* AppDelegate.swift */,
				BCFFE9431EE941D000D9BA76 /* Assets.xcassets */,
				BCFFE9451EE941D000D9BA76 /* Main.storyboard */,
				BC359C9D1EEA555E00F2F181 /* Navigator.swift */,
				BCFFE9481EE941D000D9BA76 /* Info.plist */,
				BC359C941EEA328700F2F181 /* ViewControllers */,
			);
			name = macOS;
			path = ../macOS;
			sourceTree = "<group>";
		};
/* End PBXGroup section */

/* Begin PBXNativeTarget section */
		BC276F061EDBAAB0007B1375 /* MVC */ = {
			isa = PBXNativeTarget;
			buildConfigurationList = BC276F191EDBAAB0007B1375 /* Build configuration list for PBXNativeTarget "MVC" */;
			buildPhases = (
				8CA10F4EBD24175D9E9A3A92 /* [CP] Check Pods Manifest.lock */,
				BC276F031EDBAAB0007B1375 /* Sources */,
				BC276F041EDBAAB0007B1375 /* Frameworks */,
				BC276F051EDBAAB0007B1375 /* Resources */,
				07B8EC3F300090655737FC5A /* [CP] Embed Pods Frameworks */,
				FA3F13631EFFEF45F29B9D98 /* [CP] Copy Pods Resources */,
			);
			buildRules = (
			);
			dependencies = (
			);
			name = MVC;
			productName = MGMVVMRxSwiftDemo;
			productReference = BC276F071EDBAAB0007B1375 /* MVC.app */;
			productType = "com.apple.product-type.application";
		};
		BCABC3971EE7D95B00AF5B55 /* MVVM */ = {
			isa = PBXNativeTarget;
			buildConfigurationList = BCABC3B41EE7D95B00AF5B55 /* Build configuration list for PBXNativeTarget "MVVM" */;
			buildPhases = (
				BCABC3981EE7D95B00AF5B55 /* [CP] Check Pods Manifest.lock */,
				BCABC3991EE7D95B00AF5B55 /* Sources */,
				BCABC3AA1EE7D95B00AF5B55 /* Frameworks */,
				BCABC3AC1EE7D95B00AF5B55 /* Resources */,
				BCABC3B21EE7D95B00AF5B55 /* [CP] Embed Pods Frameworks */,
				BCABC3B31EE7D95B00AF5B55 /* [CP] Copy Pods Resources */,
			);
			buildRules = (
			);
			dependencies = (
			);
			name = MVVM;
			productName = MGMVVMRxSwiftDemo;
			productReference = BCABC3B71EE7D95B00AF5B55 /* MVVM.app */;
			productType = "com.apple.product-type.application";
		};
		BCFFE93C1EE941D000D9BA76 /* macOS */ = {
			isa = PBXNativeTarget;
			buildConfigurationList = BCFFE9491EE941D000D9BA76 /* Build configuration list for PBXNativeTarget "macOS" */;
			buildPhases = (
				9FDC086596F929ACC20BF0D4 /* [CP] Check Pods Manifest.lock */,
				BCFFE9391EE941D000D9BA76 /* Sources */,
				BCFFE93A1EE941D000D9BA76 /* Frameworks */,
				BCFFE93B1EE941D000D9BA76 /* Resources */,
				BA99F207BCB1DF2A57F7DF6A /* [CP] Embed Pods Frameworks */,
				730A679B0E9F4B18848A4CDF /* [CP] Copy Pods Resources */,
			);
			buildRules = (
			);
			dependencies = (
			);
			name = macOS;
			productName = macOS;
			productReference = BCFFE93D1EE941D000D9BA76 /* macOS.app */;
			productType = "com.apple.product-type.application";
		};
/* End PBXNativeTarget section */

/* Begin PBXProject section */
		BC276EFF1EDBAAB0007B1375 /* Project object */ = {
			isa = PBXProject;
			attributes = {
				LastSwiftUpdateCheck = 0830;
				LastUpgradeCheck = 0830;
				ORGANIZATIONNAME = "Tuan Truong";
				TargetAttributes = {
					BC276F061EDBAAB0007B1375 = {
						CreatedOnToolsVersion = 8.3.2;
						DevelopmentTeam = NN74NJ78BB;
						ProvisioningStyle = Automatic;
					};
					BCABC3971EE7D95B00AF5B55 = {
						DevelopmentTeam = NN74NJ78BB;
					};
					BCFFE93C1EE941D000D9BA76 = {
						CreatedOnToolsVersion = 8.3.3;
						DevelopmentTeam = NN74NJ78BB;
						ProvisioningStyle = Automatic;
					};
				};
			};
			buildConfigurationList = BC276F021EDBAAB0007B1375 /* Build configuration list for PBXProject "MGMVVMRxSwiftDemo" */;
			compatibilityVersion = "Xcode 3.2";
			developmentRegion = English;
			hasScannedForEncodings = 0;
			knownRegions = (
				en,
				Base,
			);
			mainGroup = BC276EFE1EDBAAB0007B1375;
			productRefGroup = BC276F081EDBAAB0007B1375 /* Products */;
			projectDirPath = "";
			projectRoot = "";
			targets = (
				BC276F061EDBAAB0007B1375 /* MVC */,
				BCABC3971EE7D95B00AF5B55 /* MVVM */,
				BCFFE93C1EE941D000D9BA76 /* macOS */,
			);
		};
/* End PBXProject section */

/* Begin PBXResourcesBuildPhase section */
		BC276F051EDBAAB0007B1375 /* Resources */ = {
			isa = PBXResourcesBuildPhase;
			buildActionMask = 2147483647;
			files = (
				BCFFE91B1EE9000D00D9BA76 /* EventCell.xib in Resources */,
				BCFFE9211EE9000D00D9BA76 /* RepoCell.xib in Resources */,
				BCFFE8FA1EE8FF7100D9BA76 /* Main.storyboard in Resources */,
				BCFFE91D1EE9000D00D9BA76 /* LaunchScreen.storyboard in Resources */,
				BC276F121EDBAAB0007B1375 /* Assets.xcassets in Resources */,
			);
			runOnlyForDeploymentPostprocessing = 0;
		};
		BCABC3AC1EE7D95B00AF5B55 /* Resources */ = {
			isa = PBXResourcesBuildPhase;
			buildActionMask = 2147483647;
			files = (
				BCFFE91C1EE9000D00D9BA76 /* EventCell.xib in Resources */,
				BCFFE9221EE9000D00D9BA76 /* RepoCell.xib in Resources */,
				BCFFE9091EE8FF7100D9BA76 /* Main.storyboard in Resources */,
				BCFFE91E1EE9000D00D9BA76 /* LaunchScreen.storyboard in Resources */,
				BCABC3B01EE7D95B00AF5B55 /* Assets.xcassets in Resources */,
			);
			runOnlyForDeploymentPostprocessing = 0;
		};
		BCFFE93B1EE941D000D9BA76 /* Resources */ = {
			isa = PBXResourcesBuildPhase;
			buildActionMask = 2147483647;
			files = (
				BCFFE9441EE941D000D9BA76 /* Assets.xcassets in Resources */,
				BCFFE9471EE941D000D9BA76 /* Main.storyboard in Resources */,
			);
			runOnlyForDeploymentPostprocessing = 0;
		};
/* End PBXResourcesBuildPhase section */

/* Begin PBXShellScriptBuildPhase section */
		07B8EC3F300090655737FC5A /* [CP] Embed Pods Frameworks */ = {
			isa = PBXShellScriptBuildPhase;
			buildActionMask = 2147483647;
			files = (
			);
			inputPaths = (
			);
			name = "[CP] Embed Pods Frameworks";
			outputPaths = (
			);
			runOnlyForDeploymentPostprocessing = 0;
			shellPath = /bin/sh;
			shellScript = "\"${SRCROOT}/Pods/Target Support Files/Pods-AppAbstract-MVC/Pods-AppAbstract-MVC-frameworks.sh\"\n";
			showEnvVarsInLog = 0;
		};
		730A679B0E9F4B18848A4CDF /* [CP] Copy Pods Resources */ = {
			isa = PBXShellScriptBuildPhase;
			buildActionMask = 2147483647;
			files = (
			);
			inputPaths = (
			);
			name = "[CP] Copy Pods Resources";
			outputPaths = (
			);
			runOnlyForDeploymentPostprocessing = 0;
			shellPath = /bin/sh;
			shellScript = "\"${SRCROOT}/Pods/Target Support Files/Pods-AppAbstract-macOS/Pods-AppAbstract-macOS-resources.sh\"\n";
			showEnvVarsInLog = 0;
		};
		8CA10F4EBD24175D9E9A3A92 /* [CP] Check Pods Manifest.lock */ = {
			isa = PBXShellScriptBuildPhase;
			buildActionMask = 2147483647;
			files = (
			);
			inputPaths = (
			);
			name = "[CP] Check Pods Manifest.lock";
			outputPaths = (
			);
			runOnlyForDeploymentPostprocessing = 0;
			shellPath = /bin/sh;
			shellScript = "diff \"${PODS_PODFILE_DIR_PATH}/Podfile.lock\" \"${PODS_ROOT}/Manifest.lock\" > /dev/null\nif [ $? != 0 ] ; then\n    # print error to STDERR\n    echo \"error: The sandbox is not in sync with the Podfile.lock. Run 'pod install' or update your CocoaPods installation.\" >&2\n    exit 1\nfi\n";
			showEnvVarsInLog = 0;
		};
		9FDC086596F929ACC20BF0D4 /* [CP] Check Pods Manifest.lock */ = {
			isa = PBXShellScriptBuildPhase;
			buildActionMask = 2147483647;
			files = (
			);
			inputPaths = (
			);
			name = "[CP] Check Pods Manifest.lock";
			outputPaths = (
			);
			runOnlyForDeploymentPostprocessing = 0;
			shellPath = /bin/sh;
			shellScript = "diff \"${PODS_PODFILE_DIR_PATH}/Podfile.lock\" \"${PODS_ROOT}/Manifest.lock\" > /dev/null\nif [ $? != 0 ] ; then\n    # print error to STDERR\n    echo \"error: The sandbox is not in sync with the Podfile.lock. Run 'pod install' or update your CocoaPods installation.\" >&2\n    exit 1\nfi\n";
			showEnvVarsInLog = 0;
		};
		BA99F207BCB1DF2A57F7DF6A /* [CP] Embed Pods Frameworks */ = {
			isa = PBXShellScriptBuildPhase;
			buildActionMask = 2147483647;
			files = (
			);
			inputPaths = (
			);
			name = "[CP] Embed Pods Frameworks";
			outputPaths = (
			);
			runOnlyForDeploymentPostprocessing = 0;
			shellPath = /bin/sh;
			shellScript = "\"${SRCROOT}/Pods/Target Support Files/Pods-AppAbstract-macOS/Pods-AppAbstract-macOS-frameworks.sh\"\n";
			showEnvVarsInLog = 0;
		};
		BCABC3981EE7D95B00AF5B55 /* [CP] Check Pods Manifest.lock */ = {
			isa = PBXShellScriptBuildPhase;
			buildActionMask = 2147483647;
			files = (
			);
			inputPaths = (
			);
			name = "[CP] Check Pods Manifest.lock";
			outputPaths = (
			);
			runOnlyForDeploymentPostprocessing = 0;
			shellPath = /bin/sh;
			shellScript = "diff \"${PODS_PODFILE_DIR_PATH}/Podfile.lock\" \"${PODS_ROOT}/Manifest.lock\" > /dev/null\nif [ $? != 0 ] ; then\n    # print error to STDERR\n    echo \"error: The sandbox is not in sync with the Podfile.lock. Run 'pod install' or update your CocoaPods installation.\" >&2\n    exit 1\nfi\n";
			showEnvVarsInLog = 0;
		};
		BCABC3B21EE7D95B00AF5B55 /* [CP] Embed Pods Frameworks */ = {
			isa = PBXShellScriptBuildPhase;
			buildActionMask = 2147483647;
			files = (
			);
			inputPaths = (
			);
			name = "[CP] Embed Pods Frameworks";
			outputPaths = (
			);
			runOnlyForDeploymentPostprocessing = 0;
			shellPath = /bin/sh;
			shellScript = "\"${SRCROOT}/Pods/Target Support Files/Pods-AppAbstract-MVVM/Pods-AppAbstract-MVVM-frameworks.sh\"\n";
			showEnvVarsInLog = 0;
		};
		BCABC3B31EE7D95B00AF5B55 /* [CP] Copy Pods Resources */ = {
			isa = PBXShellScriptBuildPhase;
			buildActionMask = 2147483647;
			files = (
			);
			inputPaths = (
			);
			name = "[CP] Copy Pods Resources";
			outputPaths = (
			);
			runOnlyForDeploymentPostprocessing = 0;
			shellPath = /bin/sh;
			shellScript = "\"${SRCROOT}/Pods/Target Support Files/Pods-AppAbstract-MVVM/Pods-AppAbstract-MVVM-resources.sh\"\n";
			showEnvVarsInLog = 0;
		};
		FA3F13631EFFEF45F29B9D98 /* [CP] Copy Pods Resources */ = {
			isa = PBXShellScriptBuildPhase;
			buildActionMask = 2147483647;
			files = (
			);
			inputPaths = (
			);
			name = "[CP] Copy Pods Resources";
			outputPaths = (
			);
			runOnlyForDeploymentPostprocessing = 0;
			shellPath = /bin/sh;
			shellScript = "\"${SRCROOT}/Pods/Target Support Files/Pods-AppAbstract-MVC/Pods-AppAbstract-MVC-resources.sh\"\n";
			showEnvVarsInLog = 0;
		};
/* End PBXShellScriptBuildPhase section */

/* Begin PBXSourcesBuildPhase section */
		BC276F031EDBAAB0007B1375 /* Sources */ = {
			isa = PBXSourcesBuildPhase;
			buildActionMask = 2147483647;
			files = (
				BC49DE7D1EE5530700BF7616 /* EventList.swift in Sources */,
				BCBCCC371EE3C86800E3BD7A /* APIService.swift in Sources */,
				BC49DE7B1EE5526500BF7616 /* Event.swift in Sources */,
				BCFFE9341EE928E500D9BA76 /* Storyboard+.swift in Sources */,
				BCFFE9311EE923C600D9BA76 /* SwinjectStoryboard.swift in Sources */,
				BCB03AAF1EEA7E0F0001F1B7 /* TableView+.swift in Sources */,
				BCABC3791EE699EE00AF5B55 /* APIExtensions.swift in Sources */,
				BCFFE91F1EE9000D00D9BA76 /* RepoCell.swift in Sources */,
				BCFFE9191EE9000D00D9BA76 /* EventCell.swift in Sources */,
				BCFFE9061EE8FF7100D9BA76 /* RepoListViewController.swift in Sources */,
				BCABC3771EE68E9100AF5B55 /* URLs.swift in Sources */,
				BC49DE761EE551E900BF7616 /* RepoList.swift in Sources */,
				BCBCCC401EE4ED0600E3BD7A /* APIInput.swift in Sources */,
				BCFFE9121EE8FF9500D9BA76 /* AppDelegate.swift in Sources */,
				BCBCCC421EE4ED0E00E3BD7A /* APIOutput.swift in Sources */,
				BCBCCC3A1EE3D02700E3BD7A /* Repo.swift in Sources */,
				BCFFE9001EE8FF7100D9BA76 /* EventListViewController.swift in Sources */,
				BC49DE771EE551E900BF7616 /* RepoService.swift in Sources */,
			);
			runOnlyForDeploymentPostprocessing = 0;
		};
		BCABC3991EE7D95B00AF5B55 /* Sources */ = {
			isa = PBXSourcesBuildPhase;
			buildActionMask = 2147483647;
			files = (
				BCABC39A1EE7D95B00AF5B55 /* EventList.swift in Sources */,
				BCFFE9261EE9019600D9BA76 /* Navigator.swift in Sources */,
				BCABC39D1EE7D95B00AF5B55 /* Event.swift in Sources */,
				BCFFE9351EE928E500D9BA76 /* Storyboard+.swift in Sources */,
				BCABC39E1EE7D95B00AF5B55 /* APIExtensions.swift in Sources */,
				BCFFE90B1EE8FF7100D9BA76 /* EventListViewController.swift in Sources */,
				BCABC39F1EE7D95B00AF5B55 /* URLs.swift in Sources */,
				BCFFE90F1EE8FF7100D9BA76 /* RepoListViewModel.swift in Sources */,
				BCFFE9201EE9000D00D9BA76 /* RepoCell.swift in Sources */,
				BCFFE8DE1EE7E37C00D9BA76 /* APIService.swift in Sources */,
				BCFFE9241EE9014800D9BA76 /* AppDelegate.swift in Sources */,
				BCABC3A11EE7D95B00AF5B55 /* RepoList.swift in Sources */,
				BCFFE92E1EE9236200D9BA76 /* SwinjectStoryboard.swift in Sources */,
				BCABC3A21EE7D95B00AF5B55 /* APIInput.swift in Sources */,
				BCB03AB01EEA7E0F0001F1B7 /* TableView+.swift in Sources */,
				BCABC3A61EE7D95B00AF5B55 /* APIOutput.swift in Sources */,
				BCFFE90D1EE8FF7100D9BA76 /* RepoListViewController.swift in Sources */,
				BCFFE91A1EE9000D00D9BA76 /* EventCell.swift in Sources */,
				BCFFE9381EE9336900D9BA76 /* EventListViewModel.swift in Sources */,
				BCABC3A71EE7D95B00AF5B55 /* Repo.swift in Sources */,
				BCABC3A91EE7D95B00AF5B55 /* RepoService.swift in Sources */,
			);
			runOnlyForDeploymentPostprocessing = 0;
		};
		BCFFE9391EE941D000D9BA76 /* Sources */ = {
			isa = PBXSourcesBuildPhase;
			buildActionMask = 2147483647;
			files = (
				BC359C981EEA346A00F2F181 /* RepoListViewController.swift in Sources */,
				BC359C9E1EEA555E00F2F181 /* Navigator.swift in Sources */,
				BC359CA41EEA579700F2F181 /* Storyboard+.swift in Sources */,
				BC359CA91EEA57DA00F2F181 /* URLs.swift in Sources */,
				BC359CA81EEA57DA00F2F181 /* APIOutput.swift in Sources */,
				BC3334CC1EEA79AE00EDEF7E /* RepoCell.swift in Sources */,
				BC359C9F1EEA55A100F2F181 /* Repo.swift in Sources */,
				BC359CA21EEA571800F2F181 /* RepoListViewModel.swift in Sources */,
				BC359CAA1EEA57DD00F2F181 /* RepoList.swift in Sources */,
				BC359CAB1EEA57DD00F2F181 /* EventList.swift in Sources */,
				BC359CA61EEA57DA00F2F181 /* APIExtensions.swift in Sources */,
				BCB03AB11EEA7E0F0001F1B7 /* TableView+.swift in Sources */,
				BCB03AB31EEA82C80001F1B7 /* EventCell.swift in Sources */,
				BC359C9B1EEA347800F2F181 /* EventListViewController.swift in Sources */,
				BC359CA71EEA57DA00F2F181 /* APIInput.swift in Sources */,
				BC359CA51EEA57DA00F2F181 /* APIService.swift in Sources */,
				BC359CAC1EEA57DD00F2F181 /* RepoService.swift in Sources */,
				BC359CA31EEA571800F2F181 /* EventListViewModel.swift in Sources */,
				BC359CA01EEA55A100F2F181 /* Event.swift in Sources */,
				BCFFE9401EE941D000D9BA76 /* AppDelegate.swift in Sources */,
			);
			runOnlyForDeploymentPostprocessing = 0;
		};
/* End PBXSourcesBuildPhase section */

/* Begin PBXVariantGroup section */
		BCFFE9451EE941D000D9BA76 /* Main.storyboard */ = {
			isa = PBXVariantGroup;
			children = (
				BCFFE9461EE941D000D9BA76 /* Base */,
			);
			name = Main.storyboard;
			sourceTree = "<group>";
		};
/* End PBXVariantGroup section */

/* Begin XCBuildConfiguration section */
		BC276F171EDBAAB0007B1375 /* Debug */ = {
			isa = XCBuildConfiguration;
			buildSettings = {
				ALWAYS_SEARCH_USER_PATHS = NO;
				CLANG_ANALYZER_NONNULL = YES;
				CLANG_ANALYZER_NUMBER_OBJECT_CONVERSION = YES_AGGRESSIVE;
				CLANG_CXX_LANGUAGE_STANDARD = "gnu++0x";
				CLANG_CXX_LIBRARY = "libc++";
				CLANG_ENABLE_MODULES = YES;
				CLANG_ENABLE_OBJC_ARC = YES;
				CLANG_WARN_BOOL_CONVERSION = YES;
				CLANG_WARN_CONSTANT_CONVERSION = YES;
				CLANG_WARN_DIRECT_OBJC_ISA_USAGE = YES_ERROR;
				CLANG_WARN_DOCUMENTATION_COMMENTS = YES;
				CLANG_WARN_EMPTY_BODY = YES;
				CLANG_WARN_ENUM_CONVERSION = YES;
				CLANG_WARN_INFINITE_RECURSION = YES;
				CLANG_WARN_INT_CONVERSION = YES;
				CLANG_WARN_OBJC_ROOT_CLASS = YES_ERROR;
				CLANG_WARN_SUSPICIOUS_MOVE = YES;
				CLANG_WARN_UNREACHABLE_CODE = YES;
				CLANG_WARN__DUPLICATE_METHOD_MATCH = YES;
				"CODE_SIGN_IDENTITY[sdk=iphoneos*]" = "iPhone Developer";
				COPY_PHASE_STRIP = NO;
				DEBUG_INFORMATION_FORMAT = dwarf;
				ENABLE_STRICT_OBJC_MSGSEND = YES;
				ENABLE_TESTABILITY = YES;
				GCC_C_LANGUAGE_STANDARD = gnu99;
				GCC_DYNAMIC_NO_PIC = NO;
				GCC_NO_COMMON_BLOCKS = YES;
				GCC_OPTIMIZATION_LEVEL = 0;
				GCC_PREPROCESSOR_DEFINITIONS = (
					"DEBUG=1",
					"$(inherited)",
				);
				GCC_WARN_64_TO_32_BIT_CONVERSION = YES;
				GCC_WARN_ABOUT_RETURN_TYPE = YES_ERROR;
				GCC_WARN_UNDECLARED_SELECTOR = YES;
				GCC_WARN_UNINITIALIZED_AUTOS = YES_AGGRESSIVE;
				GCC_WARN_UNUSED_FUNCTION = YES;
				GCC_WARN_UNUSED_VARIABLE = YES;
				IPHONEOS_DEPLOYMENT_TARGET = 10.3;
				MTL_ENABLE_DEBUG_INFO = YES;
				ONLY_ACTIVE_ARCH = YES;
				SDKROOT = iphoneos;
				SWIFT_ACTIVE_COMPILATION_CONDITIONS = DEBUG;
				SWIFT_OPTIMIZATION_LEVEL = "-Onone";
			};
			name = Debug;
		};
		BC276F181EDBAAB0007B1375 /* Release */ = {
			isa = XCBuildConfiguration;
			buildSettings = {
				ALWAYS_SEARCH_USER_PATHS = NO;
				CLANG_ANALYZER_NONNULL = YES;
				CLANG_ANALYZER_NUMBER_OBJECT_CONVERSION = YES_AGGRESSIVE;
				CLANG_CXX_LANGUAGE_STANDARD = "gnu++0x";
				CLANG_CXX_LIBRARY = "libc++";
				CLANG_ENABLE_MODULES = YES;
				CLANG_ENABLE_OBJC_ARC = YES;
				CLANG_WARN_BOOL_CONVERSION = YES;
				CLANG_WARN_CONSTANT_CONVERSION = YES;
				CLANG_WARN_DIRECT_OBJC_ISA_USAGE = YES_ERROR;
				CLANG_WARN_DOCUMENTATION_COMMENTS = YES;
				CLANG_WARN_EMPTY_BODY = YES;
				CLANG_WARN_ENUM_CONVERSION = YES;
				CLANG_WARN_INFINITE_RECURSION = YES;
				CLANG_WARN_INT_CONVERSION = YES;
				CLANG_WARN_OBJC_ROOT_CLASS = YES_ERROR;
				CLANG_WARN_SUSPICIOUS_MOVE = YES;
				CLANG_WARN_UNREACHABLE_CODE = YES;
				CLANG_WARN__DUPLICATE_METHOD_MATCH = YES;
				"CODE_SIGN_IDENTITY[sdk=iphoneos*]" = "iPhone Developer";
				COPY_PHASE_STRIP = NO;
				DEBUG_INFORMATION_FORMAT = "dwarf-with-dsym";
				ENABLE_NS_ASSERTIONS = NO;
				ENABLE_STRICT_OBJC_MSGSEND = YES;
				GCC_C_LANGUAGE_STANDARD = gnu99;
				GCC_NO_COMMON_BLOCKS = YES;
				GCC_WARN_64_TO_32_BIT_CONVERSION = YES;
				GCC_WARN_ABOUT_RETURN_TYPE = YES_ERROR;
				GCC_WARN_UNDECLARED_SELECTOR = YES;
				GCC_WARN_UNINITIALIZED_AUTOS = YES_AGGRESSIVE;
				GCC_WARN_UNUSED_FUNCTION = YES;
				GCC_WARN_UNUSED_VARIABLE = YES;
				IPHONEOS_DEPLOYMENT_TARGET = 10.3;
				MTL_ENABLE_DEBUG_INFO = NO;
				SDKROOT = iphoneos;
				SWIFT_OPTIMIZATION_LEVEL = "-Owholemodule";
				VALIDATE_PRODUCT = YES;
			};
			name = Release;
		};
		BC276F1A1EDBAAB0007B1375 /* Debug */ = {
			isa = XCBuildConfiguration;
			baseConfigurationReference = 7C5DE4DF78B1B81A9D82C824 /* Pods-AppAbstract-MVC.debug.xcconfig */;
			buildSettings = {
				ASSETCATALOG_COMPILER_APPICON_NAME = AppIcon;
				DEVELOPMENT_TEAM = NN74NJ78BB;
				INFOPLIST_FILE = MGMVVMRxSwiftDemo/Info.plist;
				LD_RUNPATH_SEARCH_PATHS = "$(inherited) @executable_path/Frameworks";
				PRODUCT_BUNDLE_IDENTIFIER = truong.tuan.MGMVVMRxSwiftDemo;
				PRODUCT_NAME = "$(TARGET_NAME)";
				SWIFT_VERSION = 3.0;
			};
			name = Debug;
		};
		BC276F1B1EDBAAB0007B1375 /* Release */ = {
			isa = XCBuildConfiguration;
			baseConfigurationReference = 4F3338142C18F48233B2BC63 /* Pods-AppAbstract-MVC.release.xcconfig */;
			buildSettings = {
				ASSETCATALOG_COMPILER_APPICON_NAME = AppIcon;
				DEVELOPMENT_TEAM = NN74NJ78BB;
				INFOPLIST_FILE = MGMVVMRxSwiftDemo/Info.plist;
				LD_RUNPATH_SEARCH_PATHS = "$(inherited) @executable_path/Frameworks";
				PRODUCT_BUNDLE_IDENTIFIER = truong.tuan.MGMVVMRxSwiftDemo;
				PRODUCT_NAME = "$(TARGET_NAME)";
				SWIFT_VERSION = 3.0;
			};
			name = Release;
		};
		BCABC3B51EE7D95B00AF5B55 /* Debug */ = {
			isa = XCBuildConfiguration;
			baseConfigurationReference = 21CE244CCE77BAC8338645E2 /* Pods-AppAbstract-MVVM.debug.xcconfig */;
			buildSettings = {
				ASSETCATALOG_COMPILER_APPICON_NAME = AppIcon;
				DEVELOPMENT_TEAM = NN74NJ78BB;
				INFOPLIST_FILE = MVVM.plist;
				LD_RUNPATH_SEARCH_PATHS = "$(inherited) @executable_path/Frameworks";
				PRODUCT_BUNDLE_IDENTIFIER = truong.tuan.MGMVVMRxSwiftDemo;
				PRODUCT_NAME = "$(TARGET_NAME)";
				SWIFT_VERSION = 3.0;
			};
			name = Debug;
		};
		BCABC3B61EE7D95B00AF5B55 /* Release */ = {
			isa = XCBuildConfiguration;
			baseConfigurationReference = 52274A117A711AD601A61935 /* Pods-AppAbstract-MVVM.release.xcconfig */;
			buildSettings = {
				ASSETCATALOG_COMPILER_APPICON_NAME = AppIcon;
				DEVELOPMENT_TEAM = NN74NJ78BB;
				INFOPLIST_FILE = MVVM.plist;
				LD_RUNPATH_SEARCH_PATHS = "$(inherited) @executable_path/Frameworks";
				PRODUCT_BUNDLE_IDENTIFIER = truong.tuan.MGMVVMRxSwiftDemo;
				PRODUCT_NAME = "$(TARGET_NAME)";
				SWIFT_VERSION = 3.0;
			};
			name = Release;
		};
		BCFFE94A1EE941D000D9BA76 /* Debug */ = {
			isa = XCBuildConfiguration;
			baseConfigurationReference = C15B54FBE294DF9A01CAAD6A /* Pods-AppAbstract-macOS.debug.xcconfig */;
			buildSettings = {
				ASSETCATALOG_COMPILER_APPICON_NAME = AppIcon;
				CODE_SIGN_IDENTITY = "-";
				COMBINE_HIDPI_IMAGES = YES;
				DEVELOPMENT_TEAM = NN74NJ78BB;
				INFOPLIST_FILE = macOS/Info.plist;
				LD_RUNPATH_SEARCH_PATHS = "$(inherited) @executable_path/../Frameworks";
				MACOSX_DEPLOYMENT_TARGET = 10.12;
				PRODUCT_BUNDLE_IDENTIFIER = truong.tuan.macOS;
				PRODUCT_NAME = "$(TARGET_NAME)";
				SDKROOT = macosx;
				SWIFT_VERSION = 3.0;
			};
			name = Debug;
		};
		BCFFE94B1EE941D000D9BA76 /* Release */ = {
			isa = XCBuildConfiguration;
			baseConfigurationReference = 10E922CB08159E56D654E9B6 /* Pods-AppAbstract-macOS.release.xcconfig */;
			buildSettings = {
				ASSETCATALOG_COMPILER_APPICON_NAME = AppIcon;
				CODE_SIGN_IDENTITY = "-";
				COMBINE_HIDPI_IMAGES = YES;
				DEVELOPMENT_TEAM = NN74NJ78BB;
				INFOPLIST_FILE = macOS/Info.plist;
				LD_RUNPATH_SEARCH_PATHS = "$(inherited) @executable_path/../Frameworks";
				MACOSX_DEPLOYMENT_TARGET = 10.12;
				PRODUCT_BUNDLE_IDENTIFIER = truong.tuan.macOS;
				PRODUCT_NAME = "$(TARGET_NAME)";
				SDKROOT = macosx;
				SWIFT_VERSION = 3.0;
			};
			name = Release;
		};
/* End XCBuildConfiguration section */

/* Begin XCConfigurationList section */
		BC276F021EDBAAB0007B1375 /* Build configuration list for PBXProject "MGMVVMRxSwiftDemo" */ = {
			isa = XCConfigurationList;
			buildConfigurations = (
				BC276F171EDBAAB0007B1375 /* Debug */,
				BC276F181EDBAAB0007B1375 /* Release */,
			);
			defaultConfigurationIsVisible = 0;
			defaultConfigurationName = Release;
		};
		BC276F191EDBAAB0007B1375 /* Build configuration list for PBXNativeTarget "MVC" */ = {
			isa = XCConfigurationList;
			buildConfigurations = (
				BC276F1A1EDBAAB0007B1375 /* Debug */,
				BC276F1B1EDBAAB0007B1375 /* Release */,
			);
			defaultConfigurationIsVisible = 0;
			defaultConfigurationName = Release;
		};
		BCABC3B41EE7D95B00AF5B55 /* Build configuration list for PBXNativeTarget "MVVM" */ = {
			isa = XCConfigurationList;
			buildConfigurations = (
				BCABC3B51EE7D95B00AF5B55 /* Debug */,
				BCABC3B61EE7D95B00AF5B55 /* Release */,
			);
			defaultConfigurationIsVisible = 0;
			defaultConfigurationName = Release;
		};
		BCFFE9491EE941D000D9BA76 /* Build configuration list for PBXNativeTarget "macOS" */ = {
			isa = XCConfigurationList;
			buildConfigurations = (
				BCFFE94A1EE941D000D9BA76 /* Debug */,
				BCFFE94B1EE941D000D9BA76 /* Release */,
			);
			defaultConfigurationIsVisible = 0;
			defaultConfigurationName = Release;
		};
/* End XCConfigurationList section */
	};
	rootObject = BC276EFF1EDBAAB0007B1375 /* Project object */;
}
