// !$*UTF8*$!
{
	archiveVersion = 1;
	classes = {
	};
	objectVersion = 46;
	objects = {

/* Begin PBXBuildFile section */
		130C8A6EE0DF87B33FBB3769 /* Pods_MGMVVMRxSwiftDemo.framework in Frameworks */ = {isa = PBXBuildFile; fileRef = AD333FCF61EF2B9F01F716FF /* Pods_MGMVVMRxSwiftDemo.framework */; };
		BC276F0B1EDBAAB0007B1375 /* AppDelegate.swift in Sources */ = {isa = PBXBuildFile; fileRef = BC276F0A1EDBAAB0007B1375 /* AppDelegate.swift */; };
		BC276F101EDBAAB0007B1375 /* Main.storyboard in Resources */ = {isa = PBXBuildFile; fileRef = BC276F0E1EDBAAB0007B1375 /* Main.storyboard */; };
		BC276F121EDBAAB0007B1375 /* Assets.xcassets in Resources */ = {isa = PBXBuildFile; fileRef = BC276F111EDBAAB0007B1375 /* Assets.xcassets */; };
		BC276F151EDBAAB0007B1375 /* LaunchScreen.storyboard in Resources */ = {isa = PBXBuildFile; fileRef = BC276F131EDBAAB0007B1375 /* LaunchScreen.storyboard */; };
		BC49DE6C1EE50AFD00BF7616 /* RepoListViewController.swift in Sources */ = {isa = PBXBuildFile; fileRef = BC49DE6B1EE50AFD00BF7616 /* RepoListViewController.swift */; };
		BC49DE6F1EE50B1900BF7616 /* RepoCell.swift in Sources */ = {isa = PBXBuildFile; fileRef = BC49DE6D1EE50B1900BF7616 /* RepoCell.swift */; };
		BC49DE701EE50B1900BF7616 /* RepoCell.xib in Resources */ = {isa = PBXBuildFile; fileRef = BC49DE6E1EE50B1900BF7616 /* RepoCell.xib */; };
		BC49DE761EE551E900BF7616 /* RepoList.swift in Sources */ = {isa = PBXBuildFile; fileRef = BC49DE741EE551E900BF7616 /* RepoList.swift */; };
		BC49DE771EE551E900BF7616 /* RepoService.swift in Sources */ = {isa = PBXBuildFile; fileRef = BC49DE751EE551E900BF7616 /* RepoService.swift */; };
		BC49DE7B1EE5526500BF7616 /* Event.swift in Sources */ = {isa = PBXBuildFile; fileRef = BC49DE7A1EE5526500BF7616 /* Event.swift */; };
		BC49DE7D1EE5530700BF7616 /* EventList.swift in Sources */ = {isa = PBXBuildFile; fileRef = BC49DE7C1EE5530700BF7616 /* EventList.swift */; };
		BC49DE801EE55CC300BF7616 /* EventListViewController.swift in Sources */ = {isa = PBXBuildFile; fileRef = BC49DE7F1EE55CC300BF7616 /* EventListViewController.swift */; };
		BC49DE851EE5738900BF7616 /* EventCell.swift in Sources */ = {isa = PBXBuildFile; fileRef = BC49DE831EE5738900BF7616 /* EventCell.swift */; };
		BC49DE861EE5738900BF7616 /* EventCell.xib in Resources */ = {isa = PBXBuildFile; fileRef = BC49DE841EE5738900BF7616 /* EventCell.xib */; };
		BCABC3771EE68E9100AF5B55 /* URLs.swift in Sources */ = {isa = PBXBuildFile; fileRef = BCABC3761EE68E9100AF5B55 /* URLs.swift */; };
		BCABC3791EE699EE00AF5B55 /* APIExtensions.swift in Sources */ = {isa = PBXBuildFile; fileRef = BCABC3781EE699EE00AF5B55 /* APIExtensions.swift */; };
		BCBCCC371EE3C86800E3BD7A /* APIService.swift in Sources */ = {isa = PBXBuildFile; fileRef = BCBCCC361EE3C86800E3BD7A /* APIService.swift */; };
		BCBCCC3A1EE3D02700E3BD7A /* Repo.swift in Sources */ = {isa = PBXBuildFile; fileRef = BCBCCC391EE3D02700E3BD7A /* Repo.swift */; };
		BCBCCC401EE4ED0600E3BD7A /* APIInput.swift in Sources */ = {isa = PBXBuildFile; fileRef = BCBCCC3F1EE4ED0600E3BD7A /* APIInput.swift */; };
		BCBCCC421EE4ED0E00E3BD7A /* APIOutput.swift in Sources */ = {isa = PBXBuildFile; fileRef = BCBCCC411EE4ED0E00E3BD7A /* APIOutput.swift */; };
/* End PBXBuildFile section */

/* Begin PBXFileReference section */
		35A0EE0447D25265DF694183 /* Pods-MGMVVMRxSwiftDemo.release.xcconfig */ = {isa = PBXFileReference; includeInIndex = 1; lastKnownFileType = text.xcconfig; name = "Pods-MGMVVMRxSwiftDemo.release.xcconfig"; path = "Pods/Target Support Files/Pods-MGMVVMRxSwiftDemo/Pods-MGMVVMRxSwiftDemo.release.xcconfig"; sourceTree = "<group>"; };
		3DEA6D5874BE7BB79316AA52 /* Pods-MGMVVMRxSwiftDemo.debug.xcconfig */ = {isa = PBXFileReference; includeInIndex = 1; lastKnownFileType = text.xcconfig; name = "Pods-MGMVVMRxSwiftDemo.debug.xcconfig"; path = "Pods/Target Support Files/Pods-MGMVVMRxSwiftDemo/Pods-MGMVVMRxSwiftDemo.debug.xcconfig"; sourceTree = "<group>"; };
		AD333FCF61EF2B9F01F716FF /* Pods_MGMVVMRxSwiftDemo.framework */ = {isa = PBXFileReference; explicitFileType = wrapper.framework; includeInIndex = 0; path = Pods_MGMVVMRxSwiftDemo.framework; sourceTree = BUILT_PRODUCTS_DIR; };
		BC276F071EDBAAB0007B1375 /* MGMVVMRxSwiftDemo.app */ = {isa = PBXFileReference; explicitFileType = wrapper.application; includeInIndex = 0; path = MGMVVMRxSwiftDemo.app; sourceTree = BUILT_PRODUCTS_DIR; };
		BC276F0A1EDBAAB0007B1375 /* AppDelegate.swift */ = {isa = PBXFileReference; lastKnownFileType = sourcecode.swift; path = AppDelegate.swift; sourceTree = "<group>"; };
		BC276F0F1EDBAAB0007B1375 /* Base */ = {isa = PBXFileReference; lastKnownFileType = file.storyboard; name = Base; path = Base.lproj/Main.storyboard; sourceTree = "<group>"; };
		BC276F111EDBAAB0007B1375 /* Assets.xcassets */ = {isa = PBXFileReference; lastKnownFileType = folder.assetcatalog; path = Assets.xcassets; sourceTree = "<group>"; };
		BC276F141EDBAAB0007B1375 /* Base */ = {isa = PBXFileReference; lastKnownFileType = file.storyboard; name = Base; path = Base.lproj/LaunchScreen.storyboard; sourceTree = "<group>"; };
		BC276F161EDBAAB0007B1375 /* Info.plist */ = {isa = PBXFileReference; lastKnownFileType = text.plist.xml; path = Info.plist; sourceTree = "<group>"; };
		BC276F1C1EDBABEC007B1375 /* MyPlayground.playground */ = {isa = PBXFileReference; lastKnownFileType = file.playground; path = MyPlayground.playground; sourceTree = "<group>"; };
		BC49DE6B1EE50AFD00BF7616 /* RepoListViewController.swift */ = {isa = PBXFileReference; fileEncoding = 4; lastKnownFileType = sourcecode.swift; path = RepoListViewController.swift; sourceTree = "<group>"; };
		BC49DE6D1EE50B1900BF7616 /* RepoCell.swift */ = {isa = PBXFileReference; fileEncoding = 4; lastKnownFileType = sourcecode.swift; path = RepoCell.swift; sourceTree = "<group>"; };
		BC49DE6E1EE50B1900BF7616 /* RepoCell.xib */ = {isa = PBXFileReference; fileEncoding = 4; lastKnownFileType = file.xib; path = RepoCell.xib; sourceTree = "<group>"; };
		BC49DE741EE551E900BF7616 /* RepoList.swift */ = {isa = PBXFileReference; fileEncoding = 4; lastKnownFileType = sourcecode.swift; path = RepoList.swift; sourceTree = "<group>"; };
		BC49DE751EE551E900BF7616 /* RepoService.swift */ = {isa = PBXFileReference; fileEncoding = 4; lastKnownFileType = sourcecode.swift; path = RepoService.swift; sourceTree = "<group>"; };
		BC49DE7A1EE5526500BF7616 /* Event.swift */ = {isa = PBXFileReference; fileEncoding = 4; lastKnownFileType = sourcecode.swift; path = Event.swift; sourceTree = "<group>"; };
		BC49DE7C1EE5530700BF7616 /* EventList.swift */ = {isa = PBXFileReference; fileEncoding = 4; lastKnownFileType = sourcecode.swift; path = EventList.swift; sourceTree = "<group>"; };
		BC49DE7F1EE55CC300BF7616 /* EventListViewController.swift */ = {isa = PBXFileReference; fileEncoding = 4; lastKnownFileType = sourcecode.swift; path = EventListViewController.swift; sourceTree = "<group>"; };
		BC49DE831EE5738900BF7616 /* EventCell.swift */ = {isa = PBXFileReference; fileEncoding = 4; lastKnownFileType = sourcecode.swift; path = EventCell.swift; sourceTree = "<group>"; };
		BC49DE841EE5738900BF7616 /* EventCell.xib */ = {isa = PBXFileReference; fileEncoding = 4; lastKnownFileType = file.xib; path = EventCell.xib; sourceTree = "<group>"; };
		BCABC3761EE68E9100AF5B55 /* URLs.swift */ = {isa = PBXFileReference; fileEncoding = 4; lastKnownFileType = sourcecode.swift; path = URLs.swift; sourceTree = "<group>"; };
		BCABC3781EE699EE00AF5B55 /* APIExtensions.swift */ = {isa = PBXFileReference; fileEncoding = 4; lastKnownFileType = sourcecode.swift; path = APIExtensions.swift; sourceTree = "<group>"; };
		BCBCCC361EE3C86800E3BD7A /* APIService.swift */ = {isa = PBXFileReference; fileEncoding = 4; lastKnownFileType = sourcecode.swift; path = APIService.swift; sourceTree = "<group>"; };
		BCBCCC391EE3D02700E3BD7A /* Repo.swift */ = {isa = PBXFileReference; fileEncoding = 4; lastKnownFileType = sourcecode.swift; path = Repo.swift; sourceTree = "<group>"; };
		BCBCCC3F1EE4ED0600E3BD7A /* APIInput.swift */ = {isa = PBXFileReference; fileEncoding = 4; lastKnownFileType = sourcecode.swift; path = APIInput.swift; sourceTree = "<group>"; };
		BCBCCC411EE4ED0E00E3BD7A /* APIOutput.swift */ = {isa = PBXFileReference; fileEncoding = 4; lastKnownFileType = sourcecode.swift; path = APIOutput.swift; sourceTree = "<group>"; };
/* End PBXFileReference section */

/* Begin PBXFrameworksBuildPhase section */
		BC276F041EDBAAB0007B1375 /* Frameworks */ = {
			isa = PBXFrameworksBuildPhase;
			buildActionMask = 2147483647;
			files = (
				130C8A6EE0DF87B33FBB3769 /* Pods_MGMVVMRxSwiftDemo.framework in Frameworks */,
			);
			runOnlyForDeploymentPostprocessing = 0;
		};
/* End PBXFrameworksBuildPhase section */

/* Begin PBXGroup section */
		933D94CA66EFFCFD60FFFAAC /* Pods */ = {
			isa = PBXGroup;
			children = (
				3DEA6D5874BE7BB79316AA52 /* Pods-MGMVVMRxSwiftDemo.debug.xcconfig */,
				35A0EE0447D25265DF694183 /* Pods-MGMVVMRxSwiftDemo.release.xcconfig */,
			);
			name = Pods;
			sourceTree = "<group>";
		};
		95C377F8F1EAB38B5D2444EE /* Frameworks */ = {
			isa = PBXGroup;
			children = (
				AD333FCF61EF2B9F01F716FF /* Pods_MGMVVMRxSwiftDemo.framework */,
			);
			name = Frameworks;
			sourceTree = "<group>";
		};
		BC276EFE1EDBAAB0007B1375 = {
			isa = PBXGroup;
			children = (
				BC276F091EDBAAB0007B1375 /* MGMVVMRxSwiftDemo */,
				BC276F081EDBAAB0007B1375 /* Products */,
				933D94CA66EFFCFD60FFFAAC /* Pods */,
				95C377F8F1EAB38B5D2444EE /* Frameworks */,
			);
			sourceTree = "<group>";
		};
		BC276F081EDBAAB0007B1375 /* Products */ = {
			isa = PBXGroup;
			children = (
				BC276F071EDBAAB0007B1375 /* MGMVVMRxSwiftDemo.app */,
			);
			name = Products;
			sourceTree = "<group>";
		};
		BC276F091EDBAAB0007B1375 /* MGMVVMRxSwiftDemo */ = {
			isa = PBXGroup;
			children = (
				BCBCCC381EE3D01D00E3BD7A /* Models */,
				BCBCCC341EE3C85C00E3BD7A /* Services */,
				BC49DE671EE507F000BF7616 /* ViewControllers */,
				BC276F0A1EDBAAB0007B1375 /* AppDelegate.swift */,
				BC276F0E1EDBAAB0007B1375 /* Main.storyboard */,
				BC276F111EDBAAB0007B1375 /* Assets.xcassets */,
				BC276F131EDBAAB0007B1375 /* LaunchScreen.storyboard */,
				BC276F161EDBAAB0007B1375 /* Info.plist */,
				BC276F1C1EDBABEC007B1375 /* MyPlayground.playground */,
			);
			path = MGMVVMRxSwiftDemo;
			sourceTree = "<group>";
		};
		BC49DE671EE507F000BF7616 /* ViewControllers */ = {
			isa = PBXGroup;
			children = (
				BC49DE7E1EE55CB400BF7616 /* Event */,
				BC49DE6A1EE50AFD00BF7616 /* Repo */,
			);
			path = ViewControllers;
			sourceTree = "<group>";
		};
		BC49DE6A1EE50AFD00BF7616 /* Repo */ = {
			isa = PBXGroup;
			children = (
				BC49DE6B1EE50AFD00BF7616 /* RepoListViewController.swift */,
				BC49DE6D1EE50B1900BF7616 /* RepoCell.swift */,
				BC49DE6E1EE50B1900BF7616 /* RepoCell.xib */,
			);
			path = Repo;
			sourceTree = "<group>";
		};
		BC49DE731EE551E900BF7616 /* Repo */ = {
			isa = PBXGroup;
			children = (
				BC49DE741EE551E900BF7616 /* RepoList.swift */,
				BC49DE7C1EE5530700BF7616 /* EventList.swift */,
				BC49DE751EE551E900BF7616 /* RepoService.swift */,
			);
			path = Repo;
			sourceTree = "<group>";
		};
		BC49DE7E1EE55CB400BF7616 /* Event */ = {
			isa = PBXGroup;
			children = (
				BC49DE7F1EE55CC300BF7616 /* EventListViewController.swift */,
				BC49DE831EE5738900BF7616 /* EventCell.swift */,
				BC49DE841EE5738900BF7616 /* EventCell.xib */,
			);
			path = Event;
			sourceTree = "<group>";
		};
		BCBCCC341EE3C85C00E3BD7A /* Services */ = {
			isa = PBXGroup;
			children = (
				BCBCCC351EE3C85C00E3BD7A /* API */,
			);
			path = Services;
			sourceTree = "<group>";
		};
		BCBCCC351EE3C85C00E3BD7A /* API */ = {
			isa = PBXGroup;
			children = (
				BC49DE731EE551E900BF7616 /* Repo */,
				BCBCCC361EE3C86800E3BD7A /* APIService.swift */,
				BCABC3781EE699EE00AF5B55 /* APIExtensions.swift */,
				BCBCCC3F1EE4ED0600E3BD7A /* APIInput.swift */,
				BCBCCC411EE4ED0E00E3BD7A /* APIOutput.swift */,
				BCABC3761EE68E9100AF5B55 /* URLs.swift */,
			);
			path = API;
			sourceTree = "<group>";
		};
		BCBCCC381EE3D01D00E3BD7A /* Models */ = {
			isa = PBXGroup;
			children = (
				BCBCCC391EE3D02700E3BD7A /* Repo.swift */,
				BC49DE7A1EE5526500BF7616 /* Event.swift */,
			);
			path = Models;
			sourceTree = "<group>";
		};
/* End PBXGroup section */

/* Begin PBXNativeTarget section */
		BC276F061EDBAAB0007B1375 /* MGMVVMRxSwiftDemo */ = {
			isa = PBXNativeTarget;
			buildConfigurationList = BC276F191EDBAAB0007B1375 /* Build configuration list for PBXNativeTarget "MGMVVMRxSwiftDemo" */;
			buildPhases = (
				8CA10F4EBD24175D9E9A3A92 /* [CP] Check Pods Manifest.lock */,
				BC276F031EDBAAB0007B1375 /* Sources */,
				BC276F041EDBAAB0007B1375 /* Frameworks */,
				BC276F051EDBAAB0007B1375 /* Resources */,
				07B8EC3F300090655737FC5A /* [CP] Embed Pods Frameworks */,
				FA3F13631EFFEF45F29B9D98 /* [CP] Copy Pods Resources */,
			);
			buildRules = (
			);
			dependencies = (
			);
			name = MGMVVMRxSwiftDemo;
			productName = MGMVVMRxSwiftDemo;
			productReference = BC276F071EDBAAB0007B1375 /* MGMVVMRxSwiftDemo.app */;
			productType = "com.apple.product-type.application";
		};
/* End PBXNativeTarget section */

/* Begin PBXProject section */
		BC276EFF1EDBAAB0007B1375 /* Project object */ = {
			isa = PBXProject;
			attributes = {
				LastSwiftUpdateCheck = 0830;
				LastUpgradeCheck = 0830;
				ORGANIZATIONNAME = "Tuan Truong";
				TargetAttributes = {
					BC276F061EDBAAB0007B1375 = {
						CreatedOnToolsVersion = 8.3.2;
						DevelopmentTeam = NN74NJ78BB;
						ProvisioningStyle = Automatic;
					};
				};
			};
			buildConfigurationList = BC276F021EDBAAB0007B1375 /* Build configuration list for PBXProject "MGMVVMRxSwiftDemo" */;
			compatibilityVersion = "Xcode 3.2";
			developmentRegion = English;
			hasScannedForEncodings = 0;
			knownRegions = (
				en,
				Base,
			);
			mainGroup = BC276EFE1EDBAAB0007B1375;
			productRefGroup = BC276F081EDBAAB0007B1375 /* Products */;
			projectDirPath = "";
			projectRoot = "";
			targets = (
				BC276F061EDBAAB0007B1375 /* MGMVVMRxSwiftDemo */,
			);
		};
/* End PBXProject section */

/* Begin PBXResourcesBuildPhase section */
		BC276F051EDBAAB0007B1375 /* Resources */ = {
			isa = PBXResourcesBuildPhase;
			buildActionMask = 2147483647;
			files = (
				BC276F151EDBAAB0007B1375 /* LaunchScreen.storyboard in Resources */,
				BC276F121EDBAAB0007B1375 /* Assets.xcassets in Resources */,
				BC276F101EDBAAB0007B1375 /* Main.storyboard in Resources */,
				BC49DE861EE5738900BF7616 /* EventCell.xib in Resources */,
				BC49DE701EE50B1900BF7616 /* RepoCell.xib in Resources */,
			);
			runOnlyForDeploymentPostprocessing = 0;
		};
/* End PBXResourcesBuildPhase section */

/* Begin PBXShellScriptBuildPhase section */
		07B8EC3F300090655737FC5A /* [CP] Embed Pods Frameworks */ = {
			isa = PBXShellScriptBuildPhase;
			buildActionMask = 2147483647;
			files = (
			);
			inputPaths = (
			);
			name = "[CP] Embed Pods Frameworks";
			outputPaths = (
			);
			runOnlyForDeploymentPostprocessing = 0;
			shellPath = /bin/sh;
			shellScript = "\"${SRCROOT}/Pods/Target Support Files/Pods-MGMVVMRxSwiftDemo/Pods-MGMVVMRxSwiftDemo-frameworks.sh\"\n";
			showEnvVarsInLog = 0;
		};
		8CA10F4EBD24175D9E9A3A92 /* [CP] Check Pods Manifest.lock */ = {
			isa = PBXShellScriptBuildPhase;
			buildActionMask = 2147483647;
			files = (
			);
			inputPaths = (
			);
			name = "[CP] Check Pods Manifest.lock";
			outputPaths = (
			);
			runOnlyForDeploymentPostprocessing = 0;
			shellPath = /bin/sh;
			shellScript = "diff \"${PODS_PODFILE_DIR_PATH}/Podfile.lock\" \"${PODS_ROOT}/Manifest.lock\" > /dev/null\nif [ $? != 0 ] ; then\n    # print error to STDERR\n    echo \"error: The sandbox is not in sync with the Podfile.lock. Run 'pod install' or update your CocoaPods installation.\" >&2\n    exit 1\nfi\n";
			showEnvVarsInLog = 0;
		};
		FA3F13631EFFEF45F29B9D98 /* [CP] Copy Pods Resources */ = {
			isa = PBXShellScriptBuildPhase;
			buildActionMask = 2147483647;
			files = (
			);
			inputPaths = (
			);
			name = "[CP] Copy Pods Resources";
			outputPaths = (
			);
			runOnlyForDeploymentPostprocessing = 0;
			shellPath = /bin/sh;
			shellScript = "\"${SRCROOT}/Pods/Target Support Files/Pods-MGMVVMRxSwiftDemo/Pods-MGMVVMRxSwiftDemo-resources.sh\"\n";
			showEnvVarsInLog = 0;
		};
/* End PBXShellScriptBuildPhase section */

/* Begin PBXSourcesBuildPhase section */
		BC276F031EDBAAB0007B1375 /* Sources */ = {
			isa = PBXSourcesBuildPhase;
			buildActionMask = 2147483647;
			files = (
				BC49DE7D1EE5530700BF7616 /* EventList.swift in Sources */,
				BCBCCC371EE3C86800E3BD7A /* APIService.swift in Sources */,
				BC49DE7B1EE5526500BF7616 /* Event.swift in Sources */,
				BCABC3791EE699EE00AF5B55 /* APIExtensions.swift in Sources */,
				BCABC3771EE68E9100AF5B55 /* URLs.swift in Sources */,
				BC49DE761EE551E900BF7616 /* RepoList.swift in Sources */,
				BCBCCC401EE4ED0600E3BD7A /* APIInput.swift in Sources */,
				BC49DE851EE5738900BF7616 /* EventCell.swift in Sources */,
				BC276F0B1EDBAAB0007B1375 /* AppDelegate.swift in Sources */,
				BC49DE6F1EE50B1900BF7616 /* RepoCell.swift in Sources */,
				BCBCCC421EE4ED0E00E3BD7A /* APIOutput.swift in Sources */,
				BC49DE6C1EE50AFD00BF7616 /* RepoListViewController.swift in Sources */,
				BCBCCC3A1EE3D02700E3BD7A /* Repo.swift in Sources */,
				BC49DE801EE55CC300BF7616 /* EventListViewController.swift in Sources */,
				BC49DE771EE551E900BF7616 /* RepoService.swift in Sources */,
			);
			runOnlyForDeploymentPostprocessing = 0;
		};
/* End PBXSourcesBuildPhase section */

/* Begin PBXVariantGroup section */
		BC276F0E1EDBAAB0007B1375 /* Main.storyboard */ = {
			isa = PBXVariantGroup;
			children = (
				BC276F0F1EDBAAB0007B1375 /* Base */,
			);
			name = Main.storyboard;
			sourceTree = "<group>";
		};
		BC276F131EDBAAB0007B1375 /* LaunchScreen.storyboard */ = {
			isa = PBXVariantGroup;
			children = (
				BC276F141EDBAAB0007B1375 /* Base */,
			);
			name = LaunchScreen.storyboard;
			sourceTree = "<group>";
		};
/* End PBXVariantGroup section */

/* Begin XCBuildConfiguration section */
		BC276F171EDBAAB0007B1375 /* Debug */ = {
			isa = XCBuildConfiguration;
			buildSettings = {
				ALWAYS_SEARCH_USER_PATHS = NO;
				CLANG_ANALYZER_NONNULL = YES;
				CLANG_ANALYZER_NUMBER_OBJECT_CONVERSION = YES_AGGRESSIVE;
				CLANG_CXX_LANGUAGE_STANDARD = "gnu++0x";
				CLANG_CXX_LIBRARY = "libc++";
				CLANG_ENABLE_MODULES = YES;
				CLANG_ENABLE_OBJC_ARC = YES;
				CLANG_WARN_BOOL_CONVERSION = YES;
				CLANG_WARN_CONSTANT_CONVERSION = YES;
				CLANG_WARN_DIRECT_OBJC_ISA_USAGE = YES_ERROR;
				CLANG_WARN_DOCUMENTATION_COMMENTS = YES;
				CLANG_WARN_EMPTY_BODY = YES;
				CLANG_WARN_ENUM_CONVERSION = YES;
				CLANG_WARN_INFINITE_RECURSION = YES;
				CLANG_WARN_INT_CONVERSION = YES;
				CLANG_WARN_OBJC_ROOT_CLASS = YES_ERROR;
				CLANG_WARN_SUSPICIOUS_MOVE = YES;
				CLANG_WARN_UNREACHABLE_CODE = YES;
				CLANG_WARN__DUPLICATE_METHOD_MATCH = YES;
				"CODE_SIGN_IDENTITY[sdk=iphoneos*]" = "iPhone Developer";
				COPY_PHASE_STRIP = NO;
				DEBUG_INFORMATION_FORMAT = dwarf;
				ENABLE_STRICT_OBJC_MSGSEND = YES;
				ENABLE_TESTABILITY = YES;
				GCC_C_LANGUAGE_STANDARD = gnu99;
				GCC_DYNAMIC_NO_PIC = NO;
				GCC_NO_COMMON_BLOCKS = YES;
				GCC_OPTIMIZATION_LEVEL = 0;
				GCC_PREPROCESSOR_DEFINITIONS = (
					"DEBUG=1",
					"$(inherited)",
				);
				GCC_WARN_64_TO_32_BIT_CONVERSION = YES;
				GCC_WARN_ABOUT_RETURN_TYPE = YES_ERROR;
				GCC_WARN_UNDECLARED_SELECTOR = YES;
				GCC_WARN_UNINITIALIZED_AUTOS = YES_AGGRESSIVE;
				GCC_WARN_UNUSED_FUNCTION = YES;
				GCC_WARN_UNUSED_VARIABLE = YES;
				IPHONEOS_DEPLOYMENT_TARGET = 10.3;
				MTL_ENABLE_DEBUG_INFO = YES;
				ONLY_ACTIVE_ARCH = YES;
				SDKROOT = iphoneos;
				SWIFT_ACTIVE_COMPILATION_CONDITIONS = DEBUG;
				SWIFT_OPTIMIZATION_LEVEL = "-Onone";
			};
			name = Debug;
		};
		BC276F181EDBAAB0007B1375 /* Release */ = {
			isa = XCBuildConfiguration;
			buildSettings = {
				ALWAYS_SEARCH_USER_PATHS = NO;
				CLANG_ANALYZER_NONNULL = YES;
				CLANG_ANALYZER_NUMBER_OBJECT_CONVERSION = YES_AGGRESSIVE;
				CLANG_CXX_LANGUAGE_STANDARD = "gnu++0x";
				CLANG_CXX_LIBRARY = "libc++";
				CLANG_ENABLE_MODULES = YES;
				CLANG_ENABLE_OBJC_ARC = YES;
				CLANG_WARN_BOOL_CONVERSION = YES;
				CLANG_WARN_CONSTANT_CONVERSION = YES;
				CLANG_WARN_DIRECT_OBJC_ISA_USAGE = YES_ERROR;
				CLANG_WARN_DOCUMENTATION_COMMENTS = YES;
				CLANG_WARN_EMPTY_BODY = YES;
				CLANG_WARN_ENUM_CONVERSION = YES;
				CLANG_WARN_INFINITE_RECURSION = YES;
				CLANG_WARN_INT_CONVERSION = YES;
				CLANG_WARN_OBJC_ROOT_CLASS = YES_ERROR;
				CLANG_WARN_SUSPICIOUS_MOVE = YES;
				CLANG_WARN_UNREACHABLE_CODE = YES;
				CLANG_WARN__DUPLICATE_METHOD_MATCH = YES;
				"CODE_SIGN_IDENTITY[sdk=iphoneos*]" = "iPhone Developer";
				COPY_PHASE_STRIP = NO;
				DEBUG_INFORMATION_FORMAT = "dwarf-with-dsym";
				ENABLE_NS_ASSERTIONS = NO;
				ENABLE_STRICT_OBJC_MSGSEND = YES;
				GCC_C_LANGUAGE_STANDARD = gnu99;
				GCC_NO_COMMON_BLOCKS = YES;
				GCC_WARN_64_TO_32_BIT_CONVERSION = YES;
				GCC_WARN_ABOUT_RETURN_TYPE = YES_ERROR;
				GCC_WARN_UNDECLARED_SELECTOR = YES;
				GCC_WARN_UNINITIALIZED_AUTOS = YES_AGGRESSIVE;
				GCC_WARN_UNUSED_FUNCTION = YES;
				GCC_WARN_UNUSED_VARIABLE = YES;
				IPHONEOS_DEPLOYMENT_TARGET = 10.3;
				MTL_ENABLE_DEBUG_INFO = NO;
				SDKROOT = iphoneos;
				SWIFT_OPTIMIZATION_LEVEL = "-Owholemodule";
				VALIDATE_PRODUCT = YES;
			};
			name = Release;
		};
		BC276F1A1EDBAAB0007B1375 /* Debug */ = {
			isa = XCBuildConfiguration;
			baseConfigurationReference = 3DEA6D5874BE7BB79316AA52 /* Pods-MGMVVMRxSwiftDemo.debug.xcconfig */;
			buildSettings = {
				ASSETCATALOG_COMPILER_APPICON_NAME = AppIcon;
				DEVELOPMENT_TEAM = NN74NJ78BB;
				INFOPLIST_FILE = MGMVVMRxSwiftDemo/Info.plist;
				LD_RUNPATH_SEARCH_PATHS = "$(inherited) @executable_path/Frameworks";
				PRODUCT_BUNDLE_IDENTIFIER = truong.tuan.MGMVVMRxSwiftDemo;
				PRODUCT_NAME = "$(TARGET_NAME)";
				SWIFT_VERSION = 3.0;
			};
			name = Debug;
		};
		BC276F1B1EDBAAB0007B1375 /* Release */ = {
			isa = XCBuildConfiguration;
			baseConfigurationReference = 35A0EE0447D25265DF694183 /* Pods-MGMVVMRxSwiftDemo.release.xcconfig */;
			buildSettings = {
				ASSETCATALOG_COMPILER_APPICON_NAME = AppIcon;
				DEVELOPMENT_TEAM = NN74NJ78BB;
				INFOPLIST_FILE = MGMVVMRxSwiftDemo/Info.plist;
				LD_RUNPATH_SEARCH_PATHS = "$(inherited) @executable_path/Frameworks";
				PRODUCT_BUNDLE_IDENTIFIER = truong.tuan.MGMVVMRxSwiftDemo;
				PRODUCT_NAME = "$(TARGET_NAME)";
				SWIFT_VERSION = 3.0;
			};
			name = Release;
		};
/* End XCBuildConfiguration section */

/* Begin XCConfigurationList section */
		BC276F021EDBAAB0007B1375 /* Build configuration list for PBXProject "MGMVVMRxSwiftDemo" */ = {
			isa = XCConfigurationList;
			buildConfigurations = (
				BC276F171EDBAAB0007B1375 /* Debug */,
				BC276F181EDBAAB0007B1375 /* Release */,
			);
			defaultConfigurationIsVisible = 0;
			defaultConfigurationName = Release;
		};
		BC276F191EDBAAB0007B1375 /* Build configuration list for PBXNativeTarget "MGMVVMRxSwiftDemo" */ = {
			isa = XCConfigurationList;
			buildConfigurations = (
				BC276F1A1EDBAAB0007B1375 /* Debug */,
				BC276F1B1EDBAAB0007B1375 /* Release */,
			);
			defaultConfigurationIsVisible = 0;
			defaultConfigurationName = Release;
		};
/* End XCConfigurationList section */
	};
	rootObject = BC276EFF1EDBAAB0007B1375 /* Project object */;
}
